<?xml version="1.0" encoding="utf-8"?>
<Project ToolsVersion="4.0" xmlns="http://schemas.microsoft.com/developer/msbuild/2003">
  <ItemGroup>
    <ClCompile Include="application\ApplicationManager.cpp" />
    <ClCompile Include="application\FeatureManager.cpp" />
    <ClCompile Include="application\ModalDialogManager.cpp" />
    <ClCompile Include="application\MouseCursorManager.cpp" />
    <ClCompile Include="application\SceneManager.cpp" />
    <ClCompile Include="common\Debug.cpp" />
    <ClCompile Include="common\debugging\DebugRenderObject.cpp" />
    <ClCompile Include="common\GTEngine\Source\GTEnginePCH.cpp" />
    <ClCompile Include="common\GTEngine\Source\LowLevel\GteLogger.cpp" />
    <ClCompile Include="common\GTEngine\Source\LowLevel\GteLogReporter.cpp" />
    <ClCompile Include="common\GTEngine\Source\LowLevel\GteLogToFile.cpp" />
    <ClCompile Include="common\GTEngine\Source\LowLevel\GteLogToStdout.cpp" />
    <ClCompile Include="common\GTEngine\Source\LowLevel\GteLogToStringArray.cpp" />
    <ClCompile Include="common\GTEngine\Source\LowLevel\GteTimer.cpp" />
    <ClCompile Include="common\GTEngine\Source\LowLevel\MSW\GteLogToMessageBox.cpp" />
    <ClCompile Include="common\GTEngine\Source\LowLevel\MSW\GteLogToOutputWindow.cpp" />
    <ClCompile Include="common\GTEngine\Source\Mathematics\GteBitHacks.cpp" />
    <ClCompile Include="common\GTEngine\Source\Mathematics\GteBSPrecision.cpp" />
    <ClCompile Include="common\GTEngine\Source\Mathematics\GteEdgeKey.cpp" />
    <ClCompile Include="common\GTEngine\Source\Mathematics\GteETManifoldMesh.cpp" />
    <ClCompile Include="common\GTEngine\Source\Mathematics\GteETNonmanifoldMesh.cpp" />
    <ClCompile Include="common\GTEngine\Source\Mathematics\GteGenerateMeshUV.cpp" />
    <ClCompile Include="common\GTEngine\Source\Mathematics\GteIEEEBinary16.cpp" />
    <ClCompile Include="common\GTEngine\Source\Mathematics\GteTetrahedronKey.cpp" />
    <ClCompile Include="common\GTEngine\Source\Mathematics\GteTriangleKey.cpp" />
    <ClCompile Include="common\GTEngine\Source\Mathematics\GteTSManifoldMesh.cpp" />
    <ClCompile Include="common\GTEngine\Source\Mathematics\GteUIntegerAP32.cpp" />
    <ClCompile Include="common\GTEngine\Source\Mathematics\GteVEManifoldMesh.cpp" />
    <ClCompile Include="common\GTEngine\Source\Mathematics\GteVETManifoldMesh.cpp" />
    <ClCompile Include="common\GTEngine\Source\Mathematics\GteVETNonmanifoldMesh.cpp" />
    <ClCompile Include="common\GTEngine\Source\Mathematics\MSW\GteCPUQueryInstructions.cpp" />
    <ClCompile Include="common\GTEngine\Source\Mathematics\MSW\GteIntelSSE.cpp" />
    <ClCompile Include="feature\settingMode.cpp" />
    <ClCompile Include="feature\CopyPaste.cpp" />
    <ClCompile Include="feature\FeaturesLoader.cpp" />
    <ClCompile Include="feature\ImportModel.cpp" />
    <ClCompile Include="feature\interfaces\DialogedMode.cpp" />
    <ClCompile Include="feature\interfaces\Progress.cpp" />
    <ClCompile Include="feature\stlexport.cpp" />
    <ClCompile Include="input\KeyboardController.cpp" />
    <ClCompile Include="application\PartManager.cpp" />
    <ClCompile Include="Qml\components\ControlOwner.cpp" />
    <ClCompile Include="Qml\components\FeatureMenu.cpp" />
    <ClCompile Include="Qml\components\HixQML.cpp" />
    <ClCompile Include="Qml\components\InputControl.cpp" />
    <ClCompile Include="Qml\components\PrintInfo.cpp" />
    <ClCompile Include="Qml\ProgressManager.cpp" />
    <ClCompile Include="Qml\components\ModalShell.cpp" />
    <ClCompile Include="Qml\components\PartList.cpp" />
    <ClCompile Include="Qml\util\QMLUtil.cpp" />
    <ClCompile Include="Settings\JSONWriteSetting.cpp" />
    <ClCompile Include="Settings\SliceSetting.cpp" />
    <ClCompile Include="Settings\SupportSetting.cpp" />
    <ClCompile Include="Tasking\Task.cpp" />
    <ClCompile Include="Tasking\TaskManager.cpp" />
    <ClCompile Include="common\Tree\BVHBuilder.cpp" />
    <ClCompile Include="common\Tree\TreeBuilder.cpp" />
    <ClCompile Include="DentEngine\src\Bounds3D.cpp" />
    <ClCompile Include="DentEngine\src\ContourBuilder.cpp" />
    <ClCompile Include="DentEngine\src\Planes.cpp" />
    <ClCompile Include="DentEngine\src\polyclipping\poly2tri\common\shapes.cc" />
    <ClCompile Include="DentEngine\src\polyclipping\poly2tri\sweep\advancing_front.cc" />
    <ClCompile Include="DentEngine\src\polyclipping\poly2tri\sweep\cdt.cc" />
    <ClCompile Include="DentEngine\src\polyclipping\poly2tri\sweep\sweep.cc" />
    <ClCompile Include="DentEngine\src\polyclipping\poly2tri\sweep\sweep_context.cc" />
    <ClCompile Include="DentEngine\src\polyclipping\polyclipping.cpp" />
    <ClCompile Include="DentEngine\src\SlicerDebug.cpp" />
    <ClCompile Include="DentEngine\src\SlicerDebugInfoExport.cpp" />
    <ClCompile Include="feature\addModel.cpp" />
    <ClCompile Include="feature\arrange\autoarrange.cpp" />
    <ClCompile Include="feature\arrange\GuillotineBinPack.cpp" />
    <ClCompile Include="feature\arrange\MaxRectsBinPack.cpp" />
    <ClCompile Include="feature\arrange\Rect.cpp" />
    <ClCompile Include="feature\arrange\ShelfBinPack.cpp" />
    <ClCompile Include="feature\arrange\ShelfNextFitBinPack.cpp" />
    <ClCompile Include="feature\arrange\SkylineBinPack.cpp" />
    <ClCompile Include="feature\autoorientation.cpp" />
    <ClCompile Include="DentEngine\src\polyclipping\clipper\clipper.cpp" />
    <ClCompile Include="feature\convex_hull.cpp" />
    <ClCompile Include="feature\CSG\CorkMeshFactory.cpp" />
    <ClCompile Include="feature\cut\DrawingPlane.cpp" />
    <ClCompile Include="feature\cut\polylinecut.cpp" />
    <ClCompile Include="feature\cut\ZAxialCut.cpp" />
    <ClCompile Include="feature\deleteModel.cpp" />
    <ClCompile Include="feature\extension.cpp" />
    <ClCompile Include="feature\Extrude.cpp" />
    <ClCompile Include="feature\cut\modelcut.cpp" />
    <ClCompile Include="feature\FeatureHistoryManager.cpp" />
    <ClCompile Include="feature\interfaces\Feature.cpp" />
    <ClCompile Include="feature\interfaces\FlushSupport.cpp" />
    <ClCompile Include="feature\interfaces\Mode.cpp" />
    <ClCompile Include="feature\interfaces\PPShaderMode.cpp" />
    <ClCompile Include="feature\interfaces\SelectFaceMode.cpp" />
    <ClCompile Include="feature\interfaces\WidgetMode.cpp" />
    <ClCompile Include="feature\label\Labelling.cpp" />
    <ClCompile Include="feature\layFlat.cpp" />
    <ClCompile Include="feature\layerview\CrossSectionPlane.cpp" />
    <ClCompile Include="feature\layerview\layerview.cpp" />
    <ClCompile Include="feature\ModelBuilder\ModelBuilderMode.cpp" />
    <ClCompile Include="feature\move.cpp" />
    <ClCompile Include="feature\overhangDetect.cpp" />
    <ClCompile Include="feature\Plane3D.cpp" />
    <ClCompile Include="feature\PoissonRemesh.cpp" />
    <ClCompile Include="feature\repair\Algorithms\checkAndRepair.cpp" />
    <ClCompile Include="feature\repair\Algorithms\detectIntersections.cpp" />
    <ClCompile Include="feature\repair\Algorithms\holeFilling.cpp" />
    <ClCompile Include="feature\repair\Algorithms\marchIntersections.cpp" />
    <ClCompile Include="feature\repair\Algorithms\subdivision.cpp" />
    <ClCompile Include="feature\repair\Kernel\coordinates.cpp" />
    <ClCompile Include="feature\repair\Kernel\graph.cpp" />
    <ClCompile Include="feature\repair\Kernel\heap.cpp" />
    <ClCompile Include="feature\repair\Kernel\jqsort.cpp" />
    <ClCompile Include="feature\repair\Kernel\list.cpp" />
    <ClCompile Include="feature\repair\Kernel\matrix.cpp" />
    <ClCompile Include="feature\repair\Kernel\orientation.c" />
    <ClCompile Include="feature\repair\Kernel\point.cpp" />
    <ClCompile Include="feature\repair\Kernel\tmesh.cpp" />
    <ClCompile Include="feature\repair\meshrepair.cpp" />
    <ClCompile Include="feature\repair\TMesh\edge.cpp" />
    <ClCompile Include="feature\repair\TMesh\io.cpp" />
    <ClCompile Include="feature\repair\TMesh\tin.cpp" />
    <ClCompile Include="feature\repair\TMesh\triangle.cpp" />
    <ClCompile Include="feature\repair\TMesh\vertex.cpp" />
    <ClCompile Include="feature\rotate.cpp" />
    <ClCompile Include="feature\sliceExport.cpp" />
    <ClCompile Include="feature\SupportFeature.cpp" />
    <ClCompile Include="feature\ModelBuilder\TwoManifoldBuilder.cpp" />
    <ClCompile Include="feature\UndoRedo.cpp" />
    <ClCompile Include="fileloader.cpp" />
    <ClCompile Include="feature\cut\FreeCutPtWidget.cpp" />
    <ClCompile Include="glmodel.cpp" />
    <ClCompile Include="input\Draggable.cpp" />
    <ClCompile Include="input\HitTestAble.cpp" />
    <ClCompile Include="input\Hoverable.cpp" />
    <ClCompile Include="input\raycastcontroller.cpp" />
    <ClCompile Include="common\Tree\LineTree.cpp" />
    <ClCompile Include="Mesh\BVH.cpp" />
    <ClCompile Include="Mesh\HixBVH.cpp" />
    <ClCompile Include="Mesh\MeshCache.cpp" />
    <ClCompile Include="Mesh\MTRayCaster.cpp" />
    <ClCompile Include="Mesh\RayAccelerator.cpp" />
    <ClCompile Include="Mesh\RayCaster.cpp" />
    <ClCompile Include="Qml\components\Buttons.cpp" />
    <ClCompile Include="Qml\components\Inputs.cpp" />
    <ClCompile Include="Qml\components\PopupShell.cpp" />
    <ClCompile Include="render\CircleMeshEntity.cpp" />
    <ClCompile Include="Qml\components\SlideBar.cpp" />
    <ClCompile Include="Qml\components\Toast.cpp" />
    <ClCompile Include="Qml\components\ViewMode.cpp" />
    <ClCompile Include="render\lights.cpp" />
    <ClCompile Include="render\LineMeshEntity.cpp" />
    <ClCompile Include="render\ModelMaterial.cpp" />
    <ClCompile Include="render\PlaneMeshEntity.cpp" />
    <ClCompile Include="render\SceneEntity.cpp" />
    <ClCompile Include="render\SceneEntityWithMaterial.cpp" />
    <ClCompile Include="Settings\AppSetting.cpp" />
    <ClCompile Include="Settings\DeployInfo.cpp" />
    <ClCompile Include="Settings\JSONParsedSetting.cpp" />
    <ClCompile Include="Settings\PrinterSetting.cpp" />
    <ClCompile Include="support\CylindricalRaft.cpp" />
    <ClCompile Include="support\ModelAttachedSupport.cpp" />
    <ClCompile Include="support\RaftModel.cpp" />
    <ClCompile Include="support\SupportModel.cpp" />
    <ClCompile Include="support\SupportRaftManager.cpp" />
    <ClCompile Include="support\VerticalSupportModel.cpp" />
    <ClCompile Include="widget\CubeWidget.cpp" />
    <ClCompile Include="widget\GridBed.cpp" />
    <ClCompile Include="widget\MoveWidget.cpp" />
    <ClCompile Include="widget\RotateWidget.cpp" />
    <ClCompile Include="feature\scale.cpp" />
    <ClCompile Include="widget\Widget.cpp" />
    <ClCompile Include="widget\Widget3D.cpp" />
    <ClCompile Include="unitTest\RunTests.cpp" />
    <ClCompile Include="utils\gridmesh.cpp" />
    <ClCompile Include="feature\hollowshell.cpp" />
    <ClCompile Include="utils\httpreq.cpp" />
    <ClCompile Include="utils\linemeshgeometry.cpp" />
    <ClCompile Include="main.cpp" />
    <ClCompile Include="utils\mathutils.cpp" />
    <ClCompile Include="DentEngine\src\mesh.cpp" />
    <ClCompile Include="DentEngine\src\utils\metric.cpp" />
    <ClCompile Include="utils\qtriangulator.cpp" />
    <ClCompile Include="utils\quaternionhelper.cpp" />
    <ClCompile Include="feature\shelloffset.cpp" />
    <ClCompile Include="DentEngine\src\slicer.cpp" />
    <ClCompile Include="slice\slicingengine.cpp" />
    <ClCompile Include="DentEngine\src\svgexporter.cpp" />
    <ClCompile Include="utils\updatechecker.cpp" />
    <ClCompile Include="feature\interfaces\SliderMode.cpp">
      <Filter>Source Files</Filter>
    </ClCompile>
    <ClCompile Include="Qml\components\MainWindow.cpp">
      <Filter>Source Files</Filter>
    </ClCompile>
    <ClCompile Include="common\RandomGen.cpp" />
    <ClCompile Include="feature\Shapes2D.cpp">
      <Filter>Source Files</Filter>
    </ClCompile>
    <ClCompile Include="feature\sendError.cpp">
      <Filter>Source Files</Filter>
    </ClCompile>
    <ClCompile Include="cork\src\file_formats\files.cpp">
      <Filter>Source Files</Filter>
    </ClCompile>
    <ClCompile Include="cork\src\file_formats\ifs.cpp">
      <Filter>Source Files</Filter>
    </ClCompile>
    <ClCompile Include="cork\src\file_formats\off.cpp">
      <Filter>Source Files</Filter>
    </ClCompile>
    <ClCompile Include="cork\src\isct\empty3d.cpp">
      <Filter>Source Files</Filter>
    </ClCompile>
    <ClCompile Include="cork\src\isct\quantization.cpp">
      <Filter>Source Files</Filter>
    </ClCompile>
    <ClCompile Include="cork\src\util\log.cpp">
      <Filter>Source Files</Filter>
    </ClCompile>
    <ClCompile Include="cork\src\util\timer.cpp">
      <Filter>Source Files</Filter>
    </ClCompile>
    <ClCompile Include="cork\src\cork.cpp">
      <Filter>Source Files</Filter>
    </ClCompile>
    <ClCompile Include="cork\src\isct\CDTtriangle.c">
      <Filter>Source Files</Filter>
    </ClCompile>
    <ClCompile Include="feature\cdt\HixCDT.cpp">
      <Filter>Source Files</Filter>
    </ClCompile>
    <ClCompile Include="feature\interfaces\RangeSliderMode.cpp">
      <Filter>Source Files</Filter>
    </ClCompile>
    <ClCompile Include="feature\zip\zip.cpp">
      <Filter>Source Files</Filter>
    </ClCompile>
  </ItemGroup>
  <ItemGroup>
    <ClInclude Include="application\ApplicationManager.h" />
    <ClInclude Include="application\FeatureManager.h" />
    <ClInclude Include="application\ModalDialogManager.h" />
    <ClInclude Include="application\MouseCursorManager.h" />
    <ClInclude Include="application\PartManager.h" />
    <ClInclude Include="common\Debug.h" />
    <ClInclude Include="common\debugging\DebugRenderObject.h" />
    <ClInclude Include="common\delaunator.hpp" />
    <ClInclude Include="common\GTEngine\Include\GTEngine.h" />
    <ClInclude Include="common\GTEngine\Include\GTEngineDEF.h" />
    <ClInclude Include="common\GTEngine\Include\GTEnginePCH.h" />
    <ClInclude Include="common\GTEngine\Include\GTLowLevel.h" />
    <ClInclude Include="common\GTEngine\Include\GTMathematics.h" />
    <ClInclude Include="common\GTEngine\Include\Mathematics\GteACosEstimate.h" />
    <ClInclude Include="common\GTEngine\Include\Mathematics\GteAlignedBox.h" />
    <ClInclude Include="common\GTEngine\Include\Mathematics\GteApprCircle2.h" />
    <ClInclude Include="common\GTEngine\Include\Mathematics\GteApprCone3.h" />
    <ClInclude Include="common\GTEngine\Include\Mathematics\GteApprCylinder3.h" />
    <ClInclude Include="common\GTEngine\Include\Mathematics\GteApprEllipse2.h" />
    <ClInclude Include="common\GTEngine\Include\Mathematics\GteApprEllipseByArcs.h" />
    <ClInclude Include="common\GTEngine\Include\Mathematics\GteApprEllipsoid3.h" />
    <ClInclude Include="common\GTEngine\Include\Mathematics\GteApprGaussian2.h" />
    <ClInclude Include="common\GTEngine\Include\Mathematics\GteApprGaussian3.h" />
    <ClInclude Include="common\GTEngine\Include\Mathematics\GteApprGreatCircle3.h" />
    <ClInclude Include="common\GTEngine\Include\Mathematics\GteApprHeightLine2.h" />
    <ClInclude Include="common\GTEngine\Include\Mathematics\GteApprHeightPlane3.h" />
    <ClInclude Include="common\GTEngine\Include\Mathematics\GteApprOrthogonalLine2.h" />
    <ClInclude Include="common\GTEngine\Include\Mathematics\GteApprOrthogonalLine3.h" />
    <ClInclude Include="common\GTEngine\Include\Mathematics\GteApprOrthogonalPlane3.h" />
    <ClInclude Include="common\GTEngine\Include\Mathematics\GteApprParaboloid3.h" />
    <ClInclude Include="common\GTEngine\Include\Mathematics\GteApprPolynomial2.h" />
    <ClInclude Include="common\GTEngine\Include\Mathematics\GteApprPolynomial3.h" />
    <ClInclude Include="common\GTEngine\Include\Mathematics\GteApprPolynomial4.h" />
    <ClInclude Include="common\GTEngine\Include\Mathematics\GteApprPolynomialSpecial2.h" />
    <ClInclude Include="common\GTEngine\Include\Mathematics\GteApprPolynomialSpecial3.h" />
    <ClInclude Include="common\GTEngine\Include\Mathematics\GteApprPolynomialSpecial4.h" />
    <ClInclude Include="common\GTEngine\Include\Mathematics\GteApprQuadratic2.h" />
    <ClInclude Include="common\GTEngine\Include\Mathematics\GteApprQuadratic3.h" />
    <ClInclude Include="common\GTEngine\Include\Mathematics\GteApprQuery.h" />
    <ClInclude Include="common\GTEngine\Include\Mathematics\GteApprSphere3.h" />
    <ClInclude Include="common\GTEngine\Include\Mathematics\GteApprTorus3.h" />
    <ClInclude Include="common\GTEngine\Include\Mathematics\GteArbitraryPrecision.h" />
    <ClInclude Include="common\GTEngine\Include\Mathematics\GteArc2.h" />
    <ClInclude Include="common\GTEngine\Include\Mathematics\GteASinEstimate.h" />
    <ClInclude Include="common\GTEngine\Include\Mathematics\GteATanEstimate.h" />
    <ClInclude Include="common\GTEngine\Include\Mathematics\GteAxisAngle.h" />
    <ClInclude Include="common\GTEngine\Include\Mathematics\GteBandedMatrix.h" />
    <ClInclude Include="common\GTEngine\Include\Mathematics\GteBasisFunction.h" />
    <ClInclude Include="common\GTEngine\Include\Mathematics\GteBezierCurve.h" />
    <ClInclude Include="common\GTEngine\Include\Mathematics\GteBitHacks.h" />
    <ClInclude Include="common\GTEngine\Include\Mathematics\GteBSNumber.h" />
    <ClInclude Include="common\GTEngine\Include\Mathematics\GteBSplineCurve.h" />
    <ClInclude Include="common\GTEngine\Include\Mathematics\GteBSplineCurveFit.h" />
    <ClInclude Include="common\GTEngine\Include\Mathematics\GteBSplineGeodesic.h" />
    <ClInclude Include="common\GTEngine\Include\Mathematics\GteBSplineReduction.h" />
    <ClInclude Include="common\GTEngine\Include\Mathematics\GteBSplineSurface.h" />
    <ClInclude Include="common\GTEngine\Include\Mathematics\GteBSplineSurfaceFit.h" />
    <ClInclude Include="common\GTEngine\Include\Mathematics\GteBSplineVolume.h" />
    <ClInclude Include="common\GTEngine\Include\Mathematics\GteBSPPolygon2.h" />
    <ClInclude Include="common\GTEngine\Include\Mathematics\GteBSPrecision.h" />
    <ClInclude Include="common\GTEngine\Include\Mathematics\GteBSRational.h" />
    <ClInclude Include="common\GTEngine\Include\Mathematics\GteCapsule.h" />
    <ClInclude Include="common\GTEngine\Include\Mathematics\GteChebyshevRatio.h" />
    <ClInclude Include="common\GTEngine\Include\Mathematics\GteCholeskyDecomposition.h" />
    <ClInclude Include="common\GTEngine\Include\Mathematics\GteCircle3.h" />
    <ClInclude Include="common\GTEngine\Include\Mathematics\GteCLODPolyline.h" />
    <ClInclude Include="common\GTEngine\Include\Mathematics\GteCone.h" />
    <ClInclude Include="common\GTEngine\Include\Mathematics\GteConformalMapGenus0.h" />
    <ClInclude Include="common\GTEngine\Include\Mathematics\GteConstrainedDelaunay2.h" />
    <ClInclude Include="common\GTEngine\Include\Mathematics\GteContAlignedBox.h" />
    <ClInclude Include="common\GTEngine\Include\Mathematics\GteContCapsule3.h" />
    <ClInclude Include="common\GTEngine\Include\Mathematics\GteContCircle2.h" />
    <ClInclude Include="common\GTEngine\Include\Mathematics\GteContCone.h" />
    <ClInclude Include="common\GTEngine\Include\Mathematics\GteContCylinder3.h" />
    <ClInclude Include="common\GTEngine\Include\Mathematics\GteContEllipse2.h" />
    <ClInclude Include="common\GTEngine\Include\Mathematics\GteContEllipse2MinCR.h" />
    <ClInclude Include="common\GTEngine\Include\Mathematics\GteContEllipsoid3.h" />
    <ClInclude Include="common\GTEngine\Include\Mathematics\GteContEllipsoid3MinCR.h" />
    <ClInclude Include="common\GTEngine\Include\Mathematics\GteContLozenge3.h" />
    <ClInclude Include="common\GTEngine\Include\Mathematics\GteContOrientedBox2.h" />
    <ClInclude Include="common\GTEngine\Include\Mathematics\GteContOrientedBox3.h" />
    <ClInclude Include="common\GTEngine\Include\Mathematics\GteContPointInPolygon2.h" />
    <ClInclude Include="common\GTEngine\Include\Mathematics\GteContPointInPolyhedron3.h" />
    <ClInclude Include="common\GTEngine\Include\Mathematics\GteContScribeCircle2.h" />
    <ClInclude Include="common\GTEngine\Include\Mathematics\GteContScribeCircle3Sphere3.h" />
    <ClInclude Include="common\GTEngine\Include\Mathematics\GteContSphere3.h" />
    <ClInclude Include="common\GTEngine\Include\Mathematics\GteConvertCoordinates.h" />
    <ClInclude Include="common\GTEngine\Include\Mathematics\GteConvexHull2.h" />
    <ClInclude Include="common\GTEngine\Include\Mathematics\GteConvexHull3.h" />
    <ClInclude Include="common\GTEngine\Include\Mathematics\GteConvexPolyhedron3.h" />
    <ClInclude Include="common\GTEngine\Include\Mathematics\GteCosEstimate.h" />
    <ClInclude Include="common\GTEngine\Include\Mathematics\GteCubicRootsQR.h" />
    <ClInclude Include="common\GTEngine\Include\Mathematics\GteCylinder3.h" />
    <ClInclude Include="common\GTEngine\Include\Mathematics\GteDarbouxFrame.h" />
    <ClInclude Include="common\GTEngine\Include\Mathematics\GteDCPQuery.h" />
    <ClInclude Include="common\GTEngine\Include\Mathematics\GteDelaunay2.h" />
    <ClInclude Include="common\GTEngine\Include\Mathematics\GteDelaunay2Mesh.h" />
    <ClInclude Include="common\GTEngine\Include\Mathematics\GteDelaunay3.h" />
    <ClInclude Include="common\GTEngine\Include\Mathematics\GteDelaunay3Mesh.h" />
    <ClInclude Include="common\GTEngine\Include\Mathematics\GteDisjointIntervals.h" />
    <ClInclude Include="common\GTEngine\Include\Mathematics\GteDisjointRectangles.h" />
    <ClInclude Include="common\GTEngine\Include\Mathematics\GteDistAlignedBox3OrientedBox3.h" />
    <ClInclude Include="common\GTEngine\Include\Mathematics\GteDistAlignedBoxAlignedBox.h" />
    <ClInclude Include="common\GTEngine\Include\Mathematics\GteDistCircle3Circle3.h" />
    <ClInclude Include="common\GTEngine\Include\Mathematics\GteDistLine3AlignedBox3.h" />
    <ClInclude Include="common\GTEngine\Include\Mathematics\GteDistLine3Circle3.h" />
    <ClInclude Include="common\GTEngine\Include\Mathematics\GteDistLine3OrientedBox3.h" />
    <ClInclude Include="common\GTEngine\Include\Mathematics\GteDistLine3Rectangle3.h" />
    <ClInclude Include="common\GTEngine\Include\Mathematics\GteDistLine3Triangle3.h" />
    <ClInclude Include="common\GTEngine\Include\Mathematics\GteDistLineLine.h" />
    <ClInclude Include="common\GTEngine\Include\Mathematics\GteDistLineRay.h" />
    <ClInclude Include="common\GTEngine\Include\Mathematics\GteDistLineSegment.h" />
    <ClInclude Include="common\GTEngine\Include\Mathematics\GteDistOrientedBox3OrientedBox3.h" />
    <ClInclude Include="common\GTEngine\Include\Mathematics\GteDistPoint3Circle3.h" />
    <ClInclude Include="common\GTEngine\Include\Mathematics\GteDistPoint3ConvexPolyhedron3.h" />
    <ClInclude Include="common\GTEngine\Include\Mathematics\GteDistPoint3Cylinder3.h" />
    <ClInclude Include="common\GTEngine\Include\Mathematics\GteDistPoint3Frustum3.h" />
    <ClInclude Include="common\GTEngine\Include\Mathematics\GteDistPoint3Plane3.h" />
    <ClInclude Include="common\GTEngine\Include\Mathematics\GteDistPoint3Rectangle3.h" />
    <ClInclude Include="common\GTEngine\Include\Mathematics\GteDistPoint3Tetrahedron3.h" />
    <ClInclude Include="common\GTEngine\Include\Mathematics\GteDistPointAlignedBox.h" />
    <ClInclude Include="common\GTEngine\Include\Mathematics\GteDistPointHyperellipsoid.h" />
    <ClInclude Include="common\GTEngine\Include\Mathematics\GteDistPointLine.h" />
    <ClInclude Include="common\GTEngine\Include\Mathematics\GteDistPointOrientedBox.h" />
    <ClInclude Include="common\GTEngine\Include\Mathematics\GteDistPointRay.h" />
    <ClInclude Include="common\GTEngine\Include\Mathematics\GteDistPointSegment.h" />
    <ClInclude Include="common\GTEngine\Include\Mathematics\GteDistPointTriangle.h" />
    <ClInclude Include="common\GTEngine\Include\Mathematics\GteDistPointTriangleExact.h" />
    <ClInclude Include="common\GTEngine\Include\Mathematics\GteDistRay3AlignedBox3.h" />
    <ClInclude Include="common\GTEngine\Include\Mathematics\GteDistRay3OrientedBox3.h" />
    <ClInclude Include="common\GTEngine\Include\Mathematics\GteDistRay3Rectangle3.h" />
    <ClInclude Include="common\GTEngine\Include\Mathematics\GteDistRay3Triangle3.h" />
    <ClInclude Include="common\GTEngine\Include\Mathematics\GteDistRayRay.h" />
    <ClInclude Include="common\GTEngine\Include\Mathematics\GteDistRaySegment.h" />
    <ClInclude Include="common\GTEngine\Include\Mathematics\GteDistRectangle3AlignedBox3.h" />
    <ClInclude Include="common\GTEngine\Include\Mathematics\GteDistRectangle3OrientedBox3.h" />
    <ClInclude Include="common\GTEngine\Include\Mathematics\GteDistRectangle3Rectangle3.h" />
    <ClInclude Include="common\GTEngine\Include\Mathematics\GteDistSegment3AlignedBox3.h" />
    <ClInclude Include="common\GTEngine\Include\Mathematics\GteDistSegment3OrientedBox3.h" />
    <ClInclude Include="common\GTEngine\Include\Mathematics\GteDistSegment3Rectangle3.h" />
    <ClInclude Include="common\GTEngine\Include\Mathematics\GteDistSegment3Triangle3.h" />
    <ClInclude Include="common\GTEngine\Include\Mathematics\GteDistSegmentSegment.h" />
    <ClInclude Include="common\GTEngine\Include\Mathematics\GteDistSegmentSegmentExact.h" />
    <ClInclude Include="common\GTEngine\Include\Mathematics\GteDistTriangle3AlignedBox3.h" />
    <ClInclude Include="common\GTEngine\Include\Mathematics\GteDistTriangle3OrientedBox3.h" />
    <ClInclude Include="common\GTEngine\Include\Mathematics\GteDistTriangle3Rectangle3.h" />
    <ClInclude Include="common\GTEngine\Include\Mathematics\GteDistTriangle3Triangle3.h" />
    <ClInclude Include="common\GTEngine\Include\Mathematics\GteEdgeKey.h" />
    <ClInclude Include="common\GTEngine\Include\Mathematics\GteEllipse3.h" />
    <ClInclude Include="common\GTEngine\Include\Mathematics\GteEllipsoidGeodesic.h" />
    <ClInclude Include="common\GTEngine\Include\Mathematics\GteETManifoldMesh.h" />
    <ClInclude Include="common\GTEngine\Include\Mathematics\GteETNonmanifoldMesh.h" />
    <ClInclude Include="common\GTEngine\Include\Mathematics\GteEulerAngles.h" />
    <ClInclude Include="common\GTEngine\Include\Mathematics\GteExp2Estimate.h" />
    <ClInclude Include="common\GTEngine\Include\Mathematics\GteExpEstimate.h" />
    <ClInclude Include="common\GTEngine\Include\Mathematics\GteFeatureKey.h" />
    <ClInclude Include="common\GTEngine\Include\Mathematics\GteFIQuery.h" />
    <ClInclude Include="common\GTEngine\Include\Mathematics\GteFrenetFrame.h" />
    <ClInclude Include="common\GTEngine\Include\Mathematics\GteFrustum3.h" />
    <ClInclude Include="common\GTEngine\Include\Mathematics\GteGaussianElimination.h" />
    <ClInclude Include="common\GTEngine\Include\Mathematics\GteGaussNewtonMinimizer.h" />
    <ClInclude Include="common\GTEngine\Include\Mathematics\GteGenerateMeshUV.h" />
    <ClInclude Include="common\GTEngine\Include\Mathematics\GteGMatrix.h" />
    <ClInclude Include="common\GTEngine\Include\Mathematics\GteGVector.h" />
    <ClInclude Include="common\GTEngine\Include\Mathematics\GteHalfspace.h" />
    <ClInclude Include="common\GTEngine\Include\Mathematics\GteHyperellipsoid.h" />
    <ClInclude Include="common\GTEngine\Include\Mathematics\GteHyperplane.h" />
    <ClInclude Include="common\GTEngine\Include\Mathematics\GteHypersphere.h" />
    <ClInclude Include="common\GTEngine\Include\Mathematics\GteIEEEBinary.h" />
    <ClInclude Include="common\GTEngine\Include\Mathematics\GteIEEEBinary16.h" />
    <ClInclude Include="common\GTEngine\Include\Mathematics\GteIndexAttribute.h" />
    <ClInclude Include="common\GTEngine\Include\Mathematics\GteIntegration.h" />
    <ClInclude Include="common\GTEngine\Include\Mathematics\GteIntpAkima1.h" />
    <ClInclude Include="common\GTEngine\Include\Mathematics\GteIntpAkimaNonuniform1.h" />
    <ClInclude Include="common\GTEngine\Include\Mathematics\GteIntpAkimaUniform1.h" />
    <ClInclude Include="common\GTEngine\Include\Mathematics\GteIntpAkimaUniform2.h" />
    <ClInclude Include="common\GTEngine\Include\Mathematics\GteIntpAkimaUniform3.h" />
    <ClInclude Include="common\GTEngine\Include\Mathematics\GteIntpBicubic2.h" />
    <ClInclude Include="common\GTEngine\Include\Mathematics\GteIntpBilinear2.h" />
    <ClInclude Include="common\GTEngine\Include\Mathematics\GteIntpBSplineUniform.h" />
    <ClInclude Include="common\GTEngine\Include\Mathematics\GteIntpLinearNonuniform2.h" />
    <ClInclude Include="common\GTEngine\Include\Mathematics\GteIntpLinearNonuniform3.h" />
    <ClInclude Include="common\GTEngine\Include\Mathematics\GteIntpQuadraticNonuniform2.h" />
    <ClInclude Include="common\GTEngine\Include\Mathematics\GteIntpSphere2.h" />
    <ClInclude Include="common\GTEngine\Include\Mathematics\GteIntpThinPlateSpline2.h" />
    <ClInclude Include="common\GTEngine\Include\Mathematics\GteIntpThinPlateSpline3.h" />
    <ClInclude Include="common\GTEngine\Include\Mathematics\GteIntpTricubic3.h" />
    <ClInclude Include="common\GTEngine\Include\Mathematics\GteIntpTrilinear3.h" />
    <ClInclude Include="common\GTEngine\Include\Mathematics\GteIntpVectorField2.h" />
    <ClInclude Include="common\GTEngine\Include\Mathematics\GteIntrAlignedBox2AlignedBox2.h" />
    <ClInclude Include="common\GTEngine\Include\Mathematics\GteIntrAlignedBox2Circle2.h" />
    <ClInclude Include="common\GTEngine\Include\Mathematics\GteIntrAlignedBox2OrientedBox2.h" />
    <ClInclude Include="common\GTEngine\Include\Mathematics\GteIntrAlignedBox3AlignedBox3.h" />
    <ClInclude Include="common\GTEngine\Include\Mathematics\GteIntrAlignedBox3Cone3.h" />
    <ClInclude Include="common\GTEngine\Include\Mathematics\GteIntrAlignedBox3Cylinder3.h" />
    <ClInclude Include="common\GTEngine\Include\Mathematics\GteIntrAlignedBox3OrientedBox3.h" />
    <ClInclude Include="common\GTEngine\Include\Mathematics\GteIntrAlignedBox3Sphere3.h" />
    <ClInclude Include="common\GTEngine\Include\Mathematics\GteIntrArc2Arc2.h" />
    <ClInclude Include="common\GTEngine\Include\Mathematics\GteIntrCapsule3Capsule3.h" />
    <ClInclude Include="common\GTEngine\Include\Mathematics\GteIntrCircle2Arc2.h" />
    <ClInclude Include="common\GTEngine\Include\Mathematics\GteIntrCircle2Circle2.h" />
    <ClInclude Include="common\GTEngine\Include\Mathematics\GteIntrConvexPolygonHyperplane.h" />
    <ClInclude Include="common\GTEngine\Include\Mathematics\GteIntrDisk2Sector2.h" />
    <ClInclude Include="common\GTEngine\Include\Mathematics\GteIntrEllipse2Ellipse2.h" />
    <ClInclude Include="common\GTEngine\Include\Mathematics\GteIntrEllipsoid3Ellipsoid3.h" />
    <ClInclude Include="common\GTEngine\Include\Mathematics\GteIntrHalfspace2Polygon2.h" />
    <ClInclude Include="common\GTEngine\Include\Mathematics\GteIntrHalfspace3Capsule3.h" />
    <ClInclude Include="common\GTEngine\Include\Mathematics\GteIntrHalfspace3Cylinder3.h" />
    <ClInclude Include="common\GTEngine\Include\Mathematics\GteIntrHalfspace3Ellipsoid3.h" />
    <ClInclude Include="common\GTEngine\Include\Mathematics\GteIntrHalfspace3OrientedBox3.h" />
    <ClInclude Include="common\GTEngine\Include\Mathematics\GteIntrHalfspace3Segment3.h" />
    <ClInclude Include="common\GTEngine\Include\Mathematics\GteIntrHalfspace3Sphere3.h" />
    <ClInclude Include="common\GTEngine\Include\Mathematics\GteIntrHalfspace3Triangle3.h" />
    <ClInclude Include="common\GTEngine\Include\Mathematics\GteIntrIntervals.h" />
    <ClInclude Include="common\GTEngine\Include\Mathematics\GteIntrLine2AlignedBox2.h" />
    <ClInclude Include="common\GTEngine\Include\Mathematics\GteIntrLine2Arc2.h" />
    <ClInclude Include="common\GTEngine\Include\Mathematics\GteIntrLine2Circle2.h" />
    <ClInclude Include="common\GTEngine\Include\Mathematics\GteIntrLine2Line2.h" />
    <ClInclude Include="common\GTEngine\Include\Mathematics\GteIntrLine2OrientedBox2.h" />
    <ClInclude Include="common\GTEngine\Include\Mathematics\GteIntrLine2Ray2.h" />
    <ClInclude Include="common\GTEngine\Include\Mathematics\GteIntrLine2Segment2.h" />
    <ClInclude Include="common\GTEngine\Include\Mathematics\GteIntrLine2Triangle2.h" />
    <ClInclude Include="common\GTEngine\Include\Mathematics\GteIntrLine3AlignedBox3.h" />
    <ClInclude Include="common\GTEngine\Include\Mathematics\GteIntrLine3Capsule3.h" />
    <ClInclude Include="common\GTEngine\Include\Mathematics\GteIntrLine3Cone3.h" />
    <ClInclude Include="common\GTEngine\Include\Mathematics\GteIntrLine3Cylinder3.h" />
    <ClInclude Include="common\GTEngine\Include\Mathematics\GteIntrLine3Ellipsoid3.h" />
    <ClInclude Include="common\GTEngine\Include\Mathematics\GteIntrLine3OrientedBox3.h" />
    <ClInclude Include="common\GTEngine\Include\Mathematics\GteIntrLine3Plane3.h" />
    <ClInclude Include="common\GTEngine\Include\Mathematics\GteIntrLine3Sphere3.h" />
    <ClInclude Include="common\GTEngine\Include\Mathematics\GteIntrLine3Triangle3.h" />
    <ClInclude Include="common\GTEngine\Include\Mathematics\GteIntrOrientedBox2Circle2.h" />
    <ClInclude Include="common\GTEngine\Include\Mathematics\GteIntrOrientedBox2Cone2.h" />
    <ClInclude Include="common\GTEngine\Include\Mathematics\GteIntrOrientedBox2OrientedBox2.h" />
    <ClInclude Include="common\GTEngine\Include\Mathematics\GteIntrOrientedBox2Sector2.h" />
    <ClInclude Include="common\GTEngine\Include\Mathematics\GteIntrOrientedBox3Cone3.h" />
    <ClInclude Include="common\GTEngine\Include\Mathematics\GteIntrOrientedBox3Cylinder3.h" />
    <ClInclude Include="common\GTEngine\Include\Mathematics\GteIntrOrientedBox3Frustum3.h" />
    <ClInclude Include="common\GTEngine\Include\Mathematics\GteIntrOrientedBox3OrientedBox3.h" />
    <ClInclude Include="common\GTEngine\Include\Mathematics\GteIntrOrientedBox3Sphere3.h" />
    <ClInclude Include="common\GTEngine\Include\Mathematics\GteIntrPlane3Capsule3.h" />
    <ClInclude Include="common\GTEngine\Include\Mathematics\GteIntrPlane3Circle3.h" />
    <ClInclude Include="common\GTEngine\Include\Mathematics\GteIntrPlane3Cylinder3.h" />
    <ClInclude Include="common\GTEngine\Include\Mathematics\GteIntrPlane3Ellipsoid3.h" />
    <ClInclude Include="common\GTEngine\Include\Mathematics\GteIntrPlane3OrientedBox3.h" />
    <ClInclude Include="common\GTEngine\Include\Mathematics\GteIntrPlane3Plane3.h" />
    <ClInclude Include="common\GTEngine\Include\Mathematics\GteIntrPlane3Sphere3.h" />
    <ClInclude Include="common\GTEngine\Include\Mathematics\GteIntrPlane3Triangle3.h" />
    <ClInclude Include="common\GTEngine\Include\Mathematics\GteIntrRay2AlignedBox2.h" />
    <ClInclude Include="common\GTEngine\Include\Mathematics\GteIntrRay2Arc2.h" />
    <ClInclude Include="common\GTEngine\Include\Mathematics\GteIntrRay2Circle2.h" />
    <ClInclude Include="common\GTEngine\Include\Mathematics\GteIntrRay2OrientedBox2.h" />
    <ClInclude Include="common\GTEngine\Include\Mathematics\GteIntrRay2Ray2.h" />
    <ClInclude Include="common\GTEngine\Include\Mathematics\GteIntrRay2Segment2.h" />
    <ClInclude Include="common\GTEngine\Include\Mathematics\GteIntrRay2Triangle2.h" />
    <ClInclude Include="common\GTEngine\Include\Mathematics\GteIntrRay3AlignedBox3.h" />
    <ClInclude Include="common\GTEngine\Include\Mathematics\GteIntrRay3Capsule3.h" />
    <ClInclude Include="common\GTEngine\Include\Mathematics\GteIntrRay3Cone3.h" />
    <ClInclude Include="common\GTEngine\Include\Mathematics\GteIntrRay3Cylinder3.h" />
    <ClInclude Include="common\GTEngine\Include\Mathematics\GteIntrRay3Ellipsoid3.h" />
    <ClInclude Include="common\GTEngine\Include\Mathematics\GteIntrRay3OrientedBox3.h" />
    <ClInclude Include="common\GTEngine\Include\Mathematics\GteIntrRay3Plane3.h" />
    <ClInclude Include="common\GTEngine\Include\Mathematics\GteIntrRay3Sphere3.h" />
    <ClInclude Include="common\GTEngine\Include\Mathematics\GteIntrRay3Triangle3.h" />
    <ClInclude Include="common\GTEngine\Include\Mathematics\GteIntrSegment2AlignedBox2.h" />
    <ClInclude Include="common\GTEngine\Include\Mathematics\GteIntrSegment2Arc2.h" />
    <ClInclude Include="common\GTEngine\Include\Mathematics\GteIntrSegment2Circle2.h" />
    <ClInclude Include="common\GTEngine\Include\Mathematics\GteIntrSegment2OrientedBox2.h" />
    <ClInclude Include="common\GTEngine\Include\Mathematics\GteIntrSegment2Segment2.h" />
    <ClInclude Include="common\GTEngine\Include\Mathematics\GteIntrSegment2Triangle2.h" />
    <ClInclude Include="common\GTEngine\Include\Mathematics\GteIntrSegment3AlignedBox3.h" />
    <ClInclude Include="common\GTEngine\Include\Mathematics\GteIntrSegment3Capsule3.h" />
    <ClInclude Include="common\GTEngine\Include\Mathematics\GteIntrSegment3Cone3.h" />
    <ClInclude Include="common\GTEngine\Include\Mathematics\GteIntrSegment3Cylinder3.h" />
    <ClInclude Include="common\GTEngine\Include\Mathematics\GteIntrSegment3Ellipsoid3.h" />
    <ClInclude Include="common\GTEngine\Include\Mathematics\GteIntrSegment3OrientedBox3.h" />
    <ClInclude Include="common\GTEngine\Include\Mathematics\GteIntrSegment3Plane3.h" />
    <ClInclude Include="common\GTEngine\Include\Mathematics\GteIntrSegment3Sphere3.h" />
    <ClInclude Include="common\GTEngine\Include\Mathematics\GteIntrSegment3Triangle3.h" />
    <ClInclude Include="common\GTEngine\Include\Mathematics\GteIntrSphere3Cone3.h" />
    <ClInclude Include="common\GTEngine\Include\Mathematics\GteIntrSphere3Frustum3.h" />
    <ClInclude Include="common\GTEngine\Include\Mathematics\GteIntrSphere3Sphere3.h" />
    <ClInclude Include="common\GTEngine\Include\Mathematics\GteIntrSphere3Triangle3.h" />
    <ClInclude Include="common\GTEngine\Include\Mathematics\GteIntrTriangle2Triangle2.h" />
    <ClInclude Include="common\GTEngine\Include\Mathematics\GteIntrTriangle3OrientedBox3.h" />
    <ClInclude Include="common\GTEngine\Include\Mathematics\GteInvSqrtEstimate.h" />
    <ClInclude Include="common\GTEngine\Include\Mathematics\GteIsPlanarGraph.h" />
    <ClInclude Include="common\GTEngine\Include\Mathematics\GteLCPSolver.h" />
    <ClInclude Include="common\GTEngine\Include\Mathematics\GteLevenbergMarquardtMinimizer.h" />
    <ClInclude Include="common\GTEngine\Include\Mathematics\GteLine.h" />
    <ClInclude Include="common\GTEngine\Include\Mathematics\GteLinearSystem.h" />
    <ClInclude Include="common\GTEngine\Include\Mathematics\GteLog2Estimate.h" />
    <ClInclude Include="common\GTEngine\Include\Mathematics\GteLogEstimate.h" />
    <ClInclude Include="common\GTEngine\Include\Mathematics\GteLozenge3.h" />
    <ClInclude Include="common\GTEngine\Include\Mathematics\GteMath.h" />
    <ClInclude Include="common\GTEngine\Include\Mathematics\GteMatrix.h" />
    <ClInclude Include="common\GTEngine\Include\Mathematics\GteMatrix2x2.h" />
    <ClInclude Include="common\GTEngine\Include\Mathematics\GteMatrix3x3.h" />
    <ClInclude Include="common\GTEngine\Include\Mathematics\GteMatrix4x4.h" />
    <ClInclude Include="common\GTEngine\Include\Mathematics\GteMesh.h" />
    <ClInclude Include="common\GTEngine\Include\Mathematics\GteMeshCurvature.h" />
    <ClInclude Include="common\GTEngine\Include\Mathematics\GteMinimalCycleBasis.h" />
    <ClInclude Include="common\GTEngine\Include\Mathematics\GteMinimize1.h" />
    <ClInclude Include="common\GTEngine\Include\Mathematics\GteMinimizeN.h" />
    <ClInclude Include="common\GTEngine\Include\Mathematics\GteMinimumAreaBox2.h" />
    <ClInclude Include="common\GTEngine\Include\Mathematics\GteMinimumAreaCircle2.h" />
    <ClInclude Include="common\GTEngine\Include\Mathematics\GteMinimumVolumeBox3.h" />
    <ClInclude Include="common\GTEngine\Include\Mathematics\GteMinimumVolumeSphere3.h" />
    <ClInclude Include="common\GTEngine\Include\Mathematics\GteNaturalSplineCurve.h" />
    <ClInclude Include="common\GTEngine\Include\Mathematics\GteNearestNeighborQuery.h" />
    <ClInclude Include="common\GTEngine\Include\Mathematics\GteNURBSCircle.h" />
    <ClInclude Include="common\GTEngine\Include\Mathematics\GteNURBSCurve.h" />
    <ClInclude Include="common\GTEngine\Include\Mathematics\GteNURBSSphere.h" />
    <ClInclude Include="common\GTEngine\Include\Mathematics\GteNURBSSurface.h" />
    <ClInclude Include="common\GTEngine\Include\Mathematics\GteNURBSVolume.h" />
    <ClInclude Include="common\GTEngine\Include\Mathematics\GteOBBTreeOfPoints.h" />
    <ClInclude Include="common\GTEngine\Include\Mathematics\GteOdeEuler.h" />
    <ClInclude Include="common\GTEngine\Include\Mathematics\GteOdeImplicitEuler.h" />
    <ClInclude Include="common\GTEngine\Include\Mathematics\GteOdeMidpoint.h" />
    <ClInclude Include="common\GTEngine\Include\Mathematics\GteOdeRungeKutta4.h" />
    <ClInclude Include="common\GTEngine\Include\Mathematics\GteOdeSolver.h" />
    <ClInclude Include="common\GTEngine\Include\Mathematics\GteOrientedBox.h" />
    <ClInclude Include="common\GTEngine\Include\Mathematics\GteParametricCurve.h" />
    <ClInclude Include="common\GTEngine\Include\Mathematics\GteParametricSurface.h" />
    <ClInclude Include="common\GTEngine\Include\Mathematics\GtePlanarMesh.h" />
    <ClInclude Include="common\GTEngine\Include\Mathematics\GtePolygon2.h" />
    <ClInclude Include="common\GTEngine\Include\Mathematics\GtePolyhedron3.h" />
    <ClInclude Include="common\GTEngine\Include\Mathematics\GtePolynomial1.h" />
    <ClInclude Include="common\GTEngine\Include\Mathematics\GtePolynomialCurve.h" />
    <ClInclude Include="common\GTEngine\Include\Mathematics\GtePrimalQuery2.h" />
    <ClInclude Include="common\GTEngine\Include\Mathematics\GtePrimalQuery3.h" />
    <ClInclude Include="common\GTEngine\Include\Mathematics\GteProjection.h" />
    <ClInclude Include="common\GTEngine\Include\Mathematics\GteQFNumber.h" />
    <ClInclude Include="common\GTEngine\Include\Mathematics\GteQuadricSurface.h" />
    <ClInclude Include="common\GTEngine\Include\Mathematics\GteQuarticRootsQR.h" />
    <ClInclude Include="common\GTEngine\Include\Mathematics\GteQuaternion.h" />
    <ClInclude Include="common\GTEngine\Include\Mathematics\GteRay.h" />
    <ClInclude Include="common\GTEngine\Include\Mathematics\GteRectangle.h" />
    <ClInclude Include="common\GTEngine\Include\Mathematics\GteRectangleMesh.h" />
    <ClInclude Include="common\GTEngine\Include\Mathematics\GteRectanglePatchMesh.h" />
    <ClInclude Include="common\GTEngine\Include\Mathematics\GteRevolutionMesh.h" />
    <ClInclude Include="common\GTEngine\Include\Mathematics\GteRiemannianGeodesic.h" />
    <ClInclude Include="common\GTEngine\Include\Mathematics\GteRootsBisection.h" />
    <ClInclude Include="common\GTEngine\Include\Mathematics\GteRootsBrentsMethod.h" />
    <ClInclude Include="common\GTEngine\Include\Mathematics\GteRootsPolynomial.h" />
    <ClInclude Include="common\GTEngine\Include\Mathematics\GteRotation.h" />
    <ClInclude Include="common\GTEngine\Include\Mathematics\GteSector2.h" />
    <ClInclude Include="common\GTEngine\Include\Mathematics\GteSegment.h" />
    <ClInclude Include="common\GTEngine\Include\Mathematics\GteSeparatePoints2.h" />
    <ClInclude Include="common\GTEngine\Include\Mathematics\GteSeparatePoints3.h" />
    <ClInclude Include="common\GTEngine\Include\Mathematics\GteSinEstimate.h" />
    <ClInclude Include="common\GTEngine\Include\Mathematics\GteSingularValueDecomposition.h" />
    <ClInclude Include="common\GTEngine\Include\Mathematics\GteSlerpEstimate.h" />
    <ClInclude Include="common\GTEngine\Include\Mathematics\GteSplitMeshByPlane.h" />
    <ClInclude Include="common\GTEngine\Include\Mathematics\GteSqrtEstimate.h" />
    <ClInclude Include="common\GTEngine\Include\Mathematics\GteSymmetricEigensolver.h" />
    <ClInclude Include="common\GTEngine\Include\Mathematics\GteSymmetricEigensolver2x2.h" />
    <ClInclude Include="common\GTEngine\Include\Mathematics\GteSymmetricEigensolver3x3.h" />
    <ClInclude Include="common\GTEngine\Include\Mathematics\GteTanEstimate.h" />
    <ClInclude Include="common\GTEngine\Include\Mathematics\GteTCBSplineCurve.h" />
    <ClInclude Include="common\GTEngine\Include\Mathematics\GteTetrahedron3.h" />
    <ClInclude Include="common\GTEngine\Include\Mathematics\GteTetrahedronKey.h" />
    <ClInclude Include="common\GTEngine\Include\Mathematics\GteTIQuery.h" />
    <ClInclude Include="common\GTEngine\Include\Mathematics\GteTorus3.h" />
    <ClInclude Include="common\GTEngine\Include\Mathematics\GteTriangle.h" />
    <ClInclude Include="common\GTEngine\Include\Mathematics\GteTriangleKey.h" />
    <ClInclude Include="common\GTEngine\Include\Mathematics\GteTriangulateCDT.h" />
    <ClInclude Include="common\GTEngine\Include\Mathematics\GteTriangulateEC.h" />
    <ClInclude Include="common\GTEngine\Include\Mathematics\GteTSManifoldMesh.h" />
    <ClInclude Include="common\GTEngine\Include\Mathematics\GteTubeMesh.h" />
    <ClInclude Include="common\GTEngine\Include\Mathematics\GteUIntegerALU32.h" />
    <ClInclude Include="common\GTEngine\Include\Mathematics\GteUIntegerAP32.h" />
    <ClInclude Include="common\GTEngine\Include\Mathematics\GteUIntegerFP32.h" />
    <ClInclude Include="common\GTEngine\Include\Mathematics\GteUniqueVerticesTriangles.h" />
    <ClInclude Include="common\GTEngine\Include\Mathematics\GteUnsymmetricEigenvalues.h" />
    <ClInclude Include="common\GTEngine\Include\Mathematics\GteVector.h" />
    <ClInclude Include="common\GTEngine\Include\Mathematics\GteVector2.h" />
    <ClInclude Include="common\GTEngine\Include\Mathematics\GteVector3.h" />
    <ClInclude Include="common\GTEngine\Include\Mathematics\GteVector4.h" />
    <ClInclude Include="common\GTEngine\Include\Mathematics\GteVEManifoldMesh.h" />
    <ClInclude Include="common\GTEngine\Include\Mathematics\GteVertexAttribute.h" />
    <ClInclude Include="common\GTEngine\Include\Mathematics\GteVertexCollapseMesh.h" />
    <ClInclude Include="common\GTEngine\Include\Mathematics\GteVETManifoldMesh.h" />
    <ClInclude Include="common\GTEngine\Include\Mathematics\GteVETNonmanifoldMesh.h" />
    <ClInclude Include="common\GTEngine\Include\Mathematics\MSW\GteCPUQueryInstructions.h" />
    <ClInclude Include="common\GTEngine\Include\Mathematics\MSW\GteIntelSSE.h" />
    <ClInclude Include="common\Hasher.h" />
    <ClInclude Include="common\HetUniquePtr.h" />
    <ClInclude Include="common\indexedlist.h" />
    <ClInclude Include="common\IteratorWrapper.h" />
    <ClInclude Include="common\magic_enum.hpp" />
    <ClInclude Include="common\moodycamel\atomicops.h" />
    <ClInclude Include="common\moodycamel\readerwriterqueue.h" />
    <ClInclude Include="common\Tree\BVHBuilder.h" />
    <ClInclude Include="common\Tree\NTree.h" />
    <ClInclude Include="common\Tree\NTreeDeque.h" />
    <ClInclude Include="common\RandomAccessIteratorBase.h" />
    <ClInclude Include="common\rapidjson\allocators.h" />
    <ClInclude Include="common\rapidjson\cursorstreamwrapper.h" />
    <ClInclude Include="common\rapidjson\document.h" />
    <ClInclude Include="common\rapidjson\encodedstream.h" />
    <ClInclude Include="common\rapidjson\encodings.h" />
    <ClInclude Include="common\rapidjson\error\en.h" />
    <ClInclude Include="common\rapidjson\error\error.h" />
    <ClInclude Include="common\rapidjson\filereadstream.h" />
    <ClInclude Include="common\rapidjson\filewritestream.h" />
    <ClInclude Include="common\rapidjson\fwd.h" />
    <ClInclude Include="common\rapidjson\internal\biginteger.h" />
    <ClInclude Include="common\rapidjson\internal\clzll.h" />
    <ClInclude Include="common\rapidjson\internal\diyfp.h" />
    <ClInclude Include="common\rapidjson\internal\dtoa.h" />
    <ClInclude Include="common\rapidjson\internal\ieee754.h" />
    <ClInclude Include="common\rapidjson\internal\itoa.h" />
    <ClInclude Include="common\rapidjson\internal\meta.h" />
    <ClInclude Include="common\rapidjson\internal\pow10.h" />
    <ClInclude Include="common\rapidjson\internal\regex.h" />
    <ClInclude Include="common\rapidjson\internal\stack.h" />
    <ClInclude Include="common\rapidjson\internal\strfunc.h" />
    <ClInclude Include="common\rapidjson\internal\strtod.h" />
    <ClInclude Include="common\rapidjson\internal\swap.h" />
    <ClInclude Include="common\rapidjson\istreamwrapper.h" />
    <ClInclude Include="common\rapidjson\memorybuffer.h" />
    <ClInclude Include="common\rapidjson\memorystream.h" />
    <ClInclude Include="common\rapidjson\msinttypes\inttypes.h" />
    <ClInclude Include="common\rapidjson\msinttypes\stdint.h" />
    <ClInclude Include="common\rapidjson\ostreamwrapper.h" />
    <ClInclude Include="common\rapidjson\pointer.h" />
    <ClInclude Include="common\rapidjson\prettywriter.h" />
    <ClInclude Include="common\rapidjson\rapidjson.h" />
    <ClInclude Include="common\rapidjson\reader.h" />
    <ClInclude Include="common\rapidjson\schema.h" />
    <ClInclude Include="common\rapidjson\stream.h" />
    <ClInclude Include="common\rapidjson\stringbuffer.h" />
    <ClInclude Include="common\rapidjson\writer.h" />
    <ClInclude Include="common\Singleton.h" />
    <ClInclude Include="feature\settingMode.h" />
    <ClInclude Include="feature\CopyPaste.h" />
    <ClInclude Include="feature\FeaturesLoader.h" />
    <ClInclude Include="feature\ImportModel.h" />
    <ClInclude Include="feature\interfaces\DialogedMode.h" />
    <ClInclude Include="feature\interfaces\ModeFactory.h" />
    <ClInclude Include="feature\interfaces\Progress.h" />
    <ClInclude Include="feature\stlexport.h" />
    <ClInclude Include="input\KeyboardController.h" />
    <ClInclude Include="Qml\components\ControlForwardInclude.h" />
    <ClInclude Include="Qml\components\ControlOwner.h" />
    <ClInclude Include="Qml\components\HixQML.h" />
    <ClInclude Include="Qml\components\InputControl.h" />
    <ClInclude Include="Qml\ProgressManager.h" />
    <ClInclude Include="Qml\util\QMLUtil.h" />
    <ClInclude Include="Settings\JSONWriteSetting.h" />
    <ClInclude Include="Settings\SliceSetting.h" />
    <ClInclude Include="Settings\SupportSetting.h" />
    <ClInclude Include="Tasking\Task.h" />
    <ClInclude Include="common\taskflow\core\executor.hpp" />
    <ClInclude Include="common\taskflow\core\flow_builder.hpp" />
    <ClInclude Include="common\taskflow\core\graph.hpp" />
    <ClInclude Include="common\taskflow\core\notifier.hpp" />
    <ClInclude Include="common\taskflow\core\observer.hpp" />
    <ClInclude Include="common\taskflow\core\spmc_queue.hpp" />
    <ClInclude Include="common\taskflow\core\task.hpp" />
    <ClInclude Include="common\taskflow\core\taskflow.hpp" />
    <ClInclude Include="common\taskflow\core\topology.hpp" />
    <ClInclude Include="common\taskflow\error\error.hpp" />
    <ClInclude Include="common\taskflow\predef\architecture.hpp" />
    <ClInclude Include="common\taskflow\predef\architecture\arm.hpp" />
    <ClInclude Include="common\taskflow\predef\architecture\mips.hpp" />
    <ClInclude Include="common\taskflow\predef\architecture\ppc.hpp" />
    <ClInclude Include="common\taskflow\predef\architecture\x86.hpp" />
    <ClInclude Include="common\taskflow\predef\compiler.hpp" />
    <ClInclude Include="common\taskflow\predef\compiler\clang.hpp" />
    <ClInclude Include="common\taskflow\predef\compiler\comp_detected.hpp" />
    <ClInclude Include="common\taskflow\predef\compiler\gcc.hpp" />
    <ClInclude Include="common\taskflow\predef\compiler\msvc.hpp" />
    <ClInclude Include="common\taskflow\predef\os.hpp" />
    <ClInclude Include="common\taskflow\predef\os\ios.hpp" />
    <ClInclude Include="common\taskflow\predef\os\macos.hpp" />
    <ClInclude Include="common\taskflow\predef\os\os_detected.hpp" />
    <ClInclude Include="common\taskflow\predef\stringify.hpp" />
    <ClInclude Include="common\taskflow\predef\version_number.hpp" />
    <ClInclude Include="common\taskflow\taskflow.hpp" />
    <ClInclude Include="common\taskflow\utility\backoff.hpp" />
    <ClInclude Include="common\taskflow\utility\generic_allocator.hpp" />
    <ClInclude Include="common\taskflow\utility\object_pool.hpp" />
    <ClInclude Include="common\taskflow\utility\passive_vector.hpp" />
    <ClInclude Include="common\taskflow\utility\singular_allocator.hpp" />
    <ClInclude Include="common\taskflow\utility\traits.hpp" />
    <ClInclude Include="Tasking\TaskManager.h" />
    <ClInclude Include="common\TrackedIndexedList.h" />
    <ClInclude Include="common\Tree\TreeBuilder.h" />
    <ClInclude Include="DentEngine\src\Bounds3D.h" />
    <ClInclude Include="DentEngine\src\ContourBuilder.h" />
    <ClInclude Include="DentEngine\src\MeshIterators.h" />
    <ClInclude Include="DentEngine\src\Planes.h" />
    <ClInclude Include="DentEngine\src\polyclipping\poly2tri\poly2tri.h" />
    <ClInclude Include="DentEngine\src\polyclipping\poly2tri\sweep\advancing_front.h" />
    <ClInclude Include="DentEngine\src\polyclipping\poly2tri\sweep\cdt.h" />
    <ClInclude Include="DentEngine\src\SlicerDebug.h" />
    <ClInclude Include="DentEngine\src\SlicerDebugInfoExport.h" />
    <ClInclude Include="feature\addModel.h" />
    <ClInclude Include="feature\agCDT\CDT.h" />
    <ClInclude Include="feature\agCDT\CDTUtils.h" />
    <ClInclude Include="feature\agCDT\CDTUtils.hpp" />
    <ClInclude Include="feature\agCDT\PointRTree.h" />
    <ClInclude Include="feature\agCDT\predicates.h" />
    <ClInclude Include="feature\arrange\autoarrange.h" />
    <ClInclude Include="feature\arrange\GuillotineBinPack.h" />
    <ClInclude Include="feature\arrange\MaxRectsBinPack.h" />
    <ClInclude Include="feature\arrange\Rect.h" />
    <ClInclude Include="feature\arrange\ShelfBinPack.h" />
    <ClInclude Include="feature\arrange\ShelfNextFitBinPack.h" />
    <ClInclude Include="feature\arrange\SkylineBinPack.h" />
    <ClInclude Include="feature\autoorientation.h" />
    <ClInclude Include="DentEngine\src\polyclipping\clipper\clipper.hpp" />
    <ClInclude Include="DentEngine\src\polyclipping\polyclipping.h" />
    <ClInclude Include="DentEngine\src\polyclipping\QDebugPolyclipping.h" />
    <ClInclude Include="feature\convex_hull.h" />
    <ClInclude Include="feature\CSG\CorkMeshFactory.h" />
    <ClInclude Include="feature\CSG\CSG.h" />
    <ClInclude Include="feature\cut\DrawingPlane.h" />
    <ClInclude Include="feature\cut\ZAxialCut.h" />
    <ClInclude Include="feature\deleteModel.h" />
    <ClInclude Include="feature\extension.h" />
    <ClInclude Include="feature\Extrude.h" />
    <ClInclude Include="feature\cut\FreeCutPtWidget.h" />
    <ClInclude Include="feature\cut\modelcut.h" />
    <ClInclude Include="feature\FeatureHistoryManager.h" />
    <ClInclude Include="feature\interfaces\Feature.h" />
    <ClInclude Include="feature\interfaces\FlushSupport.h" />
    <ClInclude Include="feature\interfaces\PPShaderMode.h" />
    <ClInclude Include="feature\interfaces\SelectFaceMode.h" />
    <ClInclude Include="feature\interfaces\WidgetMode.h" />
    <ClInclude Include="feature\label\Labelling.h" />
    <ClInclude Include="feature\layFlat.h" />
    <ClInclude Include="feature\layerview\layerview.h" />
    <ClInclude Include="feature\interfaces\Mode.h" />
    <ClInclude Include="feature\ModelBuilder\ModelBuilderMode.h" />
    <ClInclude Include="feature\move.h" />
    <ClInclude Include="feature\overhangDetect.h" />
    <ClInclude Include="feature\Plane3D.h" />
    <ClInclude Include="feature\PoissonRemesh.h" />
    <ClInclude Include="feature\repair\Algorithms\detectIntersections.h" />
    <ClInclude Include="feature\repair\Algorithms\marchIntersections.h" />
    <ClInclude Include="feature\repair\Kernel\basics.h" />
    <ClInclude Include="feature\repair\Kernel\coordinates.h" />
    <ClInclude Include="feature\repair\Kernel\graph.h" />
    <ClInclude Include="feature\repair\Kernel\jqsort.h" />
    <ClInclude Include="feature\repair\Kernel\list.h" />
    <ClInclude Include="feature\repair\Kernel\matrix.h" />
    <ClInclude Include="feature\repair\Kernel\point.h" />
    <ClInclude Include="feature\repair\Kernel\tmesh_kernel.h" />
    <ClInclude Include="feature\repair\meshrepair.h" />
    <ClInclude Include="feature\repair\TMesh\edge.h" />
    <ClInclude Include="feature\repair\TMesh\tin.h" />
    <ClInclude Include="feature\repair\TMesh\tmesh.h" />
    <ClInclude Include="feature\repair\TMesh\triangle.h" />
    <ClInclude Include="feature\repair\TMesh\vertex.h" />
    <ClInclude Include="feature\rotate.h" />
    <ClInclude Include="feature\sliceExport.h" />
    <ClInclude Include="feature\SupportFeature.h" />
    <ClInclude Include="feature\ModelBuilder\TwoManifoldBuilder.h" />
    <ClInclude Include="feature\UndoRedo.h" />
    <ClInclude Include="fileloader.h" />
    <ClInclude Include="feature\hollowshell.h" />
    <ClInclude Include="input\Clickable.h" />
    <ClInclude Include="input\Draggable.h" />
    <ClInclude Include="feature\Shapes2D.h" />
    <ClInclude Include="input\HitTestAble.h" />
    <ClInclude Include="common\Tree\LineTree.h" />
    <ClInclude Include="Mesh\BVH.h" />
    <ClInclude Include="Mesh\HixBVH.h" />
    <ClInclude Include="Mesh\MeshCache.h" />
    <ClInclude Include="Mesh\MTRayCaster.h" />
    <ClInclude Include="Mesh\RayAccelerator.h" />
    <ClInclude Include="Mesh\RayCaster.h" />
    <ClInclude Include="render\CircleMeshEntity.h" />
    <ClInclude Include="Settings\AppSetting.h" />
    <ClInclude Include="Settings\DeployInfo.h" />
    <ClInclude Include="Settings\JSONParsedSetting.h" />
    <ClInclude Include="Settings\PrinterSetting.h" />
    <ClInclude Include="support\BaseSupport.h" />
    <ClInclude Include="support\CylindricalRaft.h" />
    <ClInclude Include="support\ModelAttachedSupport.h" />
    <ClInclude Include="support\RaftModel.h" />
    <ClInclude Include="widget\GridBed.h" />
    <ClInclude Include="widget\Highlightable.h" />
    <ClInclude Include="input\Hoverable.h" />
    <ClInclude Include="widget\MoveWidget.h" />
    <ClInclude Include="widget\RotateWidget.h" />
    <ClInclude Include="support\VerticalSupportModel.h" />
    <ClInclude Include="support\SupportRaftManager.h" />
    <ClInclude Include="feature\scale.h" />
    <ClInclude Include="widget\Widget.h" />
    <ClInclude Include="render\Color.h" />
    <ClInclude Include="unitTest\catch.hpp" />
    <ClInclude Include="unitTest\tests\BVHTest.h" />
    <ClInclude Include="unitTest\tests\Float3DVectorHash.h" />
    <ClInclude Include="unitTest\tests\IndexedListTest.h" />
    <ClInclude Include="unitTest\RunTests.h" />
    <ClInclude Include="unitTest\tests\SlicerTest.h" />
    <ClInclude Include="unitTest\tests\TrackedIndexedListTest.h" />
    <ClInclude Include="utils\mathutils.h" />
    <ClInclude Include="DentEngine\src\utils\metric.h" />
    <ClInclude Include="feature\cut\polylinecut.h" />
    <ClInclude Include="utils\qbezier.h" />
    <ClInclude Include="utils\qdatabuffer_p.h" />
    <ClInclude Include="utils\qrbtree.h" />
    <ClInclude Include="utils\qtriangulator_p.h" />
    <ClInclude Include="utils\qvectorpath_p.h" />
    <ClInclude Include="DentEngine\src\polyclipping\poly2tri\common\shapes.h" />
    <ClInclude Include="feature\shelloffset.h" />
    <ClInclude Include="DentEngine\src\slicer.h" />
    <ClInclude Include="slice\slicingengine.h" />
    <ClInclude Include="DentEngine\src\svgexporter.h" />
    <ClInclude Include="DentEngine\src\polyclipping\poly2tri\sweep\sweep.h" />
    <ClInclude Include="DentEngine\src\polyclipping\poly2tri\sweep\sweep_context.h" />
    <ClInclude Include="DentEngine\src\polyclipping\poly2tri\common\utils.h" />
    <ClInclude Include="utils\utils.h" />
    <ClInclude Include="utils\winsparkle\winsparkle.h" />
    <ClInclude Include="feature\interfaces\SliderMode.h">
      <Filter>Header Files</Filter>
    </ClInclude>
    <ClInclude Include="Qml\components\MainWindow.h">
      <Filter>Header Files</Filter>
    </ClInclude>
    <ClInclude Include="support\SupportModel.h">
      <Filter>Header Files</Filter>
    </ClInclude>
    <ClInclude Include="common\RandomGen.h" />
    <ClInclude Include="feature\layerview\CrossSectionPlane.h" />
    <ClInclude Include="DentEngine\src\mesh.h">
      <Filter>Header Files</Filter>
    </ClInclude>
    <ClInclude Include="feature\sendError.h">
      <Filter>Header Files</Filter>
    </ClInclude>
    <ClInclude Include="cork\src\accel\aabvh.h">
      <Filter>Header Files</Filter>
    </ClInclude>
    <ClInclude Include="cork\src\file_formats\files.h">
      <Filter>Header Files</Filter>
    </ClInclude>
    <ClInclude Include="cork\src\isct\absext4.h">
      <Filter>Header Files</Filter>
    </ClInclude>
    <ClInclude Include="cork\src\isct\empty3d.h">
      <Filter>Header Files</Filter>
    </ClInclude>
    <ClInclude Include="cork\src\isct\ext4.h">
      <Filter>Header Files</Filter>
    </ClInclude>
    <ClInclude Include="cork\src\isct\fixext4.h">
      <Filter>Header Files</Filter>
    </ClInclude>
    <ClInclude Include="cork\src\isct\fixint.h">
      <Filter>Header Files</Filter>
    </ClInclude>
    <ClInclude Include="cork\src\isct\gmpext4.h">
      <Filter>Header Files</Filter>
    </ClInclude>
    <ClInclude Include="cork\src\isct\quantization.h">
      <Filter>Header Files</Filter>
    </ClInclude>
    <ClInclude Include="cork\src\isct\unsafeRayTriIsct.h">
      <Filter>Header Files</Filter>
    </ClInclude>
    <ClInclude Include="cork\src\math\bbox.h">
      <Filter>Header Files</Filter>
    </ClInclude>
    <ClInclude Include="cork\src\math\ray.h">
      <Filter>Header Files</Filter>
    </ClInclude>
    <ClInclude Include="cork\src\math\vec.h">
      <Filter>Header Files</Filter>
    </ClInclude>
    <ClInclude Include="cork\src\mesh\mesh.decl.h">
      <Filter>Header Files</Filter>
    </ClInclude>
    <ClInclude Include="cork\src\mesh\mesh.h">
      <Filter>Header Files</Filter>
    </ClInclude>
    <ClInclude Include="cork\src\rawmesh\rawMesh.h">
      <Filter>Header Files</Filter>
    </ClInclude>
    <ClInclude Include="cork\src\util\iterPool.h">
      <Filter>Header Files</Filter>
    </ClInclude>
    <ClInclude Include="cork\src\util\memPool.h">
      <Filter>Header Files</Filter>
    </ClInclude>
    <ClInclude Include="cork\src\util\prelude.h">
      <Filter>Header Files</Filter>
    </ClInclude>
    <ClInclude Include="cork\src\util\shortVec.h">
      <Filter>Header Files</Filter>
    </ClInclude>
    <ClInclude Include="cork\src\util\unionFind.h">
      <Filter>Header Files</Filter>
    </ClInclude>
    <ClInclude Include="cork\src\cork.h">
      <Filter>Header Files</Filter>
    </ClInclude>
    <ClInclude Include="cork\src\isct\CDTtriangle.h">
      <Filter>Header Files</Filter>
    </ClInclude>
    <ClInclude Include="feature\cdt\HixCDT.h">
      <Filter>Header Files</Filter>
    </ClInclude>
    <ClInclude Include="feature\interfaces\RangeSliderMode.h">
      <Filter>Header Files</Filter>
    </ClInclude>
    <ClInclude Include="feature\STL\stlio.hpp">
      <Filter>Header Files</Filter>
    </ClInclude>
    <ClInclude Include="feature\zip\zip_file.hpp">
      <Filter>Header Files</Filter>
    </ClInclude>
    <ClInclude Include="feature\zip\zip.h">
      <Filter>Header Files</Filter>
    </ClInclude>
  </ItemGroup>
  <ItemGroup>
    <CustomBuild Include="debug\moc_predefs.h.cbt" />
    <CustomBuild Include="release\moc_predefs.h.cbt" />
  </ItemGroup>
  <ItemGroup>
    <ResourceCompile Include="DentSlicer.rc" />
  </ItemGroup>
  <ItemGroup>
    <Media Include="Resource\dentslicer_loading.mp4" />
  </ItemGroup>
  <ItemGroup>
    <Image Include="Resource\arrow_right.png" />
    <Image Include="Resource\btn_modelbuild_help.png" />
    <Image Include="Resource\btn_setting.png" />
    <Image Include="Resource\btn_setting_refresh.png" />
    <Image Include="Resource\btn_setting_refresh_1.5.png" />
    <Image Include="Resource\btn_setting_refresh_big.png" />
    <Image Include="Resource\cam.png" />
    <Image Include="Resource\cam_back_1.5.png" />
    <Image Include="Resource\cam_bottom_1.5.png" />
    <Image Include="Resource\cam_front_1.5.png" />
    <Image Include="Resource\cam_hover.png" />
    <Image Include="Resource\cam_left_1.5.png" />
    <Image Include="Resource\cam_right_1.5.png" />
    <Image Include="Resource\cam_top_1.5.png" />
    <Image Include="Resource\closebutton.png" />
    <Image Include="Resource\closebutton_hover.png" />
    <Image Include="Resource\cut_flat_off.png" />
    <Image Include="Resource\cut_flat_off_border2.png" />
    <Image Include="Resource\cut_flat_on.png" />
    <Image Include="Resource\cut_flat_on_border2.png" />
    <Image Include="Resource\cut_free_off.png" />
    <Image Include="Resource\cut_free_off_border2.png" />
    <Image Include="Resource\cut_free_on.png" />
    <Image Include="Resource\cut_free_on_border2.png" />
    <Image Include="Resource\dentslicer_loading.gif" />
    <Image Include="Resource\dentslicer_loading_2.gif" />
    <Image Include="Resource\drop_arrow_down.png" />
    <Image Include="Resource\drop_arrow_up.png" />
    <Image Include="Resource\ic_refresh.png" />
    <Image Include="Resource\img_arrange.png" />
    <Image Include="Resource\img_label.png" />
    <Image Include="Resource\img_layflat.png" />
    <Image Include="Resource\img_modelbuild_popup.png" />
    <Image Include="Resource\img_orient.png" />
    <Image Include="Resource\img_scale_lock_revised.png" />
    <Image Include="Resource\img_scale_unlock_revised.png" />
    <Image Include="Resource\menu_arrange.png" />
    <Image Include="Resource\menu_arrange_select_1.png" />
    <Image Include="Resource\menu_autorepair.png" />
    <Image Include="Resource\menu_autorepair_select_1.png" />
    <Image Include="Resource\menu_cut.png" />
    <Image Include="Resource\menu_cut_select_1.png" />
    <Image Include="Resource\menu_extend.png" />
    <Image Include="Resource\menu_extend_select_1.png" />
    <Image Include="Resource\menu_label.png" />
    <Image Include="Resource\menu_label_select_1.png" />
    <Image Include="Resource\menu_layflat.png" />
    <Image Include="Resource\menu_layflat_select_1.png" />
    <Image Include="Resource\menu_move.png" />
    <Image Include="Resource\menu_move_select_1.png" />
    <Image Include="Resource\menu_open.png" />
    <Image Include="Resource\menu_open_select_1.png" />
    <Image Include="Resource\menu_orient.png" />
    <Image Include="Resource\menu_orient_select_1.png" />
    <Image Include="Resource\menu_rotate.png" />
    <Image Include="Resource\menu_rotate_select_1.png" />
    <Image Include="Resource\menu_save.png" />
    <Image Include="Resource\menu_save_select_1.png" />
    <Image Include="Resource\menu_scale.png" />
    <Image Include="Resource\menu_scale_select_1.png" />
    <Image Include="Resource\menu_shelloffset.png" />
    <Image Include="Resource\menu_shelloffset_select_1.png" />
    <Image Include="Resource\menu_support.png" />
    <Image Include="Resource\menu_support_select_1.png" />
    <Image Include="Resource\part_hide_1.png" />
    <Image Include="Resource\part_hide_select_1.png" />
    <Image Include="Resource\part_remove_1.png" />
    <Image Include="Resource\part_show_1.png" />
    <Image Include="Resource\part_show_select_1.png" />
    <Image Include="Resource\progress_check.png" />
    <Image Include="Resource\progress_loading.png" />
    <Image Include="Resource\progress_loading_yellow.png" />
    <Image Include="Resource\redo_arrow.png" />
    <Image Include="Resource\support_setting.png" />
    <Image Include="Resource\toast_check.png" />
    <Image Include="Resource\toast_exception.png" />
    <Image Include="Resource\toast_x.png" />
    <Image Include="Resource\traingle_up_1.5.png" />
    <Image Include="Resource\triangle_down.png" />
    <Image Include="Resource\triangle_down_1.5.png" />
    <Image Include="Resource\triangle_down_hover.png" />
    <Image Include="Resource\triangle_right.png" />
    <Image Include="Resource\triangle_up.png" />
    <Image Include="Resource\triangle_up_1.5.png" />
    <Image Include="Resource\triangle_up_hover.png" />
    <Image Include="Resource\undo_arrow.png" />
    <Image Include="Resource\vs_icon.png" />
    <Image Include="Resource\menu_slice.png" />
    <Image Include="Resource\menu_slice_select_1.png" />
    <Image Include="Resource\menu_modelbuilder.png" />
    <Image Include="Resource\menu_modelbuilder_select_1.png" />
  </ItemGroup>
  <ItemGroup>
    <QtMoc Include="Qml\components\FeatureMenu.h" />
    <QtMoc Include="Qml\components\PartList.h" />
    <QtMoc Include="Qml\components\ModalShell.h" />
    <QtMoc Include="glmodel.h" />
    <QtMoc Include="utils\gridmesh.h" />
    <QtMoc Include="utils\httpreq.h" />
    <QtMoc Include="utils\linemeshgeometry.h" />
    <QtMoc Include="input\raycastcontroller.h" />
    <QtMoc Include="render\LineMeshEntity.h" />
    <QtMoc Include="render\PlaneMeshEntity.h" />
    <QtMoc Include="Qml\components\Buttons.h" />
    <QtMoc Include="Qml\components\Inputs.h" />
    <QtMoc Include="Qml\components\PopupShell.h" />
    <QtMoc Include="Qml\components\Toast.h" />
    <QtMoc Include="Qml\components\SlideBar.h" />
    <QtMoc Include="Qml\components\ViewMode.h" />
    <QtMoc Include="Qml\components\PrintInfo.h" />
    <QtMoc Include="render\ModelMaterial.h" />
    <QtMoc Include="render\lights.h" />
    <QtMoc Include="widget\Widget3D.h" />
    <QtMoc Include="widget\CubeWidget.h" />
    <QtMoc Include="render\SceneEntity.h" />
    <QtMoc Include="render\SceneEntityWithMaterial.h" />
    <QtMoc Include="utils\quaternionhelper.h" />
    <QtMoc Include="utils\updatechecker.h" />
    <QtMoc Include="application\SceneManager.h" />
  </ItemGroup>
  <ItemGroup>
    <QtRcc Include="qml.qrc" />
    <QtRcc Include="resources.qrc" />
  </ItemGroup>
  <ItemGroup>
    <CopyFileToFolders Include="settings.json" />
  </ItemGroup>
  <ItemGroup>
    <Font Include="Resource\font\OpenSans-Bold.ttf" />
    <Font Include="Resource\font\OpenSans-ExtraBold.ttf" />
    <Font Include="Resource\font\OpenSans-Light.ttf" />
    <Font Include="Resource\font\OpenSans-Regular.ttf" />
    <Font Include="Resource\font\OpenSans-SemiBold.ttf" />
  </ItemGroup>
  <ItemGroup>
    <None Include="cpp.hint" />
    <None Include="packages.config" />
    <None Include="Qml\Controls\CtrTextButton.qml" />
    <None Include="Qml\Controls\CtrToggleSwitch.qml" />
    <None Include="Qml\FeaturePopup\PrintSettingPopup.qml" />
    <None Include="Qml\ProgressItem.qml" />
    <None Include="Qml\FeatureMenu.qml" />
    <None Include="Qml\Cam.qml" />
    <None Include="Qml\CamBox.qml" />
    <None Include="Qml\CameraController.qml" />
    <None Include="Qml\CameraManager.qml" />
    <None Include="Qml\CanvasTest.qml" />
    <None Include="Qml\CoordinateMesh.qml" />
    <None Include="Qml\Controls\CtrToggleImgSwitch.qml" />
    <None Include="Qml\Controls\CtrDropdownBox.qml" />
    <None Include="Qml\Controls\CtrSpinBox.qml" />
    <None Include="Qml\Controls\CtrTextBox.qml" />
    <None Include="Qml\Controls\CtrScaleInputBox.qml" />
    <None Include="Qml\FeaturePopup\SidePopup.qml" />
    <None Include="Qml\FileDialogLoad.qml" />
    <None Include="Qml\InputBox.qml" />
    <None Include="Qml\FeaturePopup\FeaturePopup.qml" />
    <None Include="Qml\FeaturePopup\PopupArrange.qml" />
    <None Include="Qml\FeaturePopup\PopupCut.qml" />
    <None Include="Qml\FeaturePopup\PopupExport.qml" />
    <None Include="Qml\FeaturePopup\PopupExtend.qml" />
    <None Include="Qml\FeaturePopup\PopupLabel.qml" />
    <None Include="Qml\FeaturePopup\PopupLayFlat.qml" />
    <None Include="Qml\FeaturePopup\PopupModelBuild.qml" />
    <None Include="Qml\FeaturePopup\PopupMove.qml" />
    <None Include="Qml\FeaturePopup\PopupOrient.qml" />
    <None Include="Qml\FeaturePopup\PopupRotate.qml" />
    <None Include="Qml\FeaturePopup\PopupScale.qml" />
    <None Include="Qml\FeaturePopup\PopupShellOffset.qml" />
    <None Include="Qml\FeaturePopup\PopupSupport.qml" />
    <None Include="Qml\LeftTabExport.qml" />
    <None Include="Qml\LeftTabExportElement.qml" />
    <None Include="Qml\LeftTabSlicingOption.qml" />
    <None Include="Qml\LeftTabSlicingOptionElement.qml" />
    <None Include="Qml\LeftTabSlicingOptionElement2.qml" />
    <None Include="Qml\LeftTabSlicingOptionElement3.qml" />
    <None Include="Qml\LeftTabSlicingOptionElementPercentage.qml" />
    <None Include="Qml\LeftTabSlicingOptionElementTextbox.qml" />
    <None Include="Qml\LeftTabViewMode.qml" />
    <None Include="Qml\Login.qml" />
    <None Include="Qml\MainView.qml" />
    <None Include="Qml\MenuItem.qml" />
    <None Include="Qml\MeshPlate.qml" />
    <None Include="Qml\MeshTransformerMove.qml" />
    <None Include="Qml\MeshTransformerRotate.qml" />
    <None Include="Qml\MeshTransformerTab.qml" />
    <None Include="Qml\MeshTransformerZoom.qml" />
    <None Include="Qml\ModalWindow.qml" />
    <None Include="Qml\ModalWindowButton.qml" />
    <None Include="Qml\Model.qml" />
    <None Include="Qml\ProgressPopupWithList.qml" />
    <None Include="Qml\RangedSlider.qml" />
    <None Include="Qml\Plane.qml" />
    <None Include="Qml\PrintInfo.qml" />
    <None Include="Qml\PrintSetting.qml" />
    <None Include="Qml\ProgressPopup.qml" />
    <None Include="Qml\ProgressException.qml" />
    <None Include="Qml\ProgressRevised.qml" />
    <None Include="Qml\ProgressShell.qml" />
    <None Include="Qml\SlideBar.qml" />
    <None Include="Qml\Toast.qml" />
    <None Include="Qml\UndoRedo.qml" />
    <None Include="Qml\ViewMode.qml" />
    <None Include="Qml\PlanesliderRange.qml" />
    <None Include="Resource\font\NotoSans-Regular.ttf" />
    <None Include="Resource\font\NotoSans-SemiCondensed.ttf" />
    <None Include="Resource\font\NotoSans-SemiCondensedMedium.ttf" />
    <None Include="Qml\Planeslider.qml" />
    <None Include="Qml\PopUp.qml" />
    <None Include="Qml\ResultPopup.qml" />
    <None Include="Qml\SettingPopup.qml" />
    <None Include="Qml\SlicingData.qml" />
    <None Include="Qml\SlicingDataElement.qml" />
    <None Include="Qml\ViewButton.qml" />
    <None Include="Resource\mesh\arrow.stl" />
    <None Include="resource\bar.png" />
    <None Include="Resource\mesh\boundedBox.stl" />
    <None Include="Resource\mesh\boundedBox2.stl" />
    <None Include="Resource\mesh\boundedBox3.stl" />
    <None Include="Resource\mesh\box.stl" />
    <None Include="Resource\mesh\box05mm.stl" />
    <None Include="Resource\mesh\box1mm.stl" />
    <None Include="Resource\mesh\box2.stl" />
    <None Include="resource\combo_arrow.png" />
    <None Include="resource\cursor.png" />
    <None Include="Resource\cursor_eraser.png" />
    <None Include="resource\cut_act.png" />
    <None Include="resource\cut_curved.png" />
    <None Include="resource\cut_flat.png" />
    <None Include="resource\downTriangle.png" />
    <None Include="Resource\popup_image\down_button.png" />
    <None Include="Resource\popup_image\down_button_hover.png" />
    <None Include="Resource\pem\dsa_pub.pem" />
    <None Include="Resource\flat_cut.png" />
    <None Include="Resource\flat_cut_select.png" />
    <None Include="Resource\free_cut.png" />
    <None Include="Resource\free_cut_select.png" />
    <None Include="Resource\mesh\grid.obj" />
    <None Include="grid.png" />
    <None Include="grid2.png" />
    <None Include="icon-32.ico" />
    <None Include="Resource\popup_image\image_arrange.png" />
    <None Include="Resource\popup_image\image_autorepair.png" />
    <None Include="Resource\popup_image\image_layflat.png" />
    <None Include="Resource\popup_image\image_orient.png" />
    <None Include="Resource\label_description.png" />
    <None Include="lang_ko.qm" />
    <None Include="Resource\login_leftbutton.png" />
    <None Include="Resource\login_logo.png" />
    <None Include="Resource\login_rightbutton.png" />
    <None Include="Qml\main.qml" />
    <None Include="resource\model_delete.png" />
    <None Include="resource\model_delete_select.png" />
    <None Include="resource\model_move.png" />
    <None Include="resource\model_move_select.png" />
    <None Include="resource\model_rotate.png" />
    <None Include="resource\model_rotate_select.png" />
    <None Include="resource\model_scale.png" />
    <None Include="resource\model_scale_select.png" />
    <None Include="resource\move_arrow.png" />
    <None Include="resource\move_circle.png" />
    <None Include="Resource\part_delete.png" />
    <None Include="resource\part_off.png" />
    <None Include="resource\part_on.png" />
    <None Include="Resource\part_select.png" />
    <None Include="resource\pen.png" />
    <None Include="Resource\mesh\plate.stl" />
    <None Include="Resource\mesh\plate_logo.stl" />
    <None Include="Resource\mesh\plate_plane.stl" />
    <None Include="shaders\default.vert" />
    <None Include="shaders\flat.frag" />
    <None Include="shaders\flat.geom" />
    <None Include="shaders\layerview.frag" />
    <None Include="shaders\layerview.geom" />
    <None Include="shaders\light.inc.frag" />
    <None Include="shaders\perPrimitive.geom" />
    <None Include="shaders\singleColor.geom" />
    <None Include="Resource\redo.png" />
    <None Include="Resource\redo_icon.png" />
    <None Include="Resource\redo_icon_select.png" />
    <None Include="resource\rotate_back.png" />
    <None Include="resource\rotate_x.png" />
    <None Include="resource\rotate_x2.png" />
    <None Include="resource\rotate_y.png" />
    <None Include="resource\rotate_y2.png" />
    <None Include="resource\rotate_z.png" />
    <None Include="Resource\popup_image\scale_lock.png" />
    <None Include="Resource\popup_image\scale_unlock.png" />
    <None Include="Resource\popup_image\shelloffset_switch.png" />
    <None Include="Resource\popup_image\shelloffset_switch_hover.png" />
    <None Include="resource\slicing_clock.png" />
    <None Include="resource\slicing_layer.png" />
    <None Include="resource\slicing_refresh.png" />
    <None Include="resource\slicing_size.png" />
    <None Include="resource\slicing_volume.png" />
    <None Include="Resource\splash.png" />
    <None Include="Resource\splash2.png" />
    <None Include="Resource\splash_final.png" />
    <None Include="Resource\splash_dentslicer.png" />
    <None Include="resource\switch.png" />
    <None Include="resource\triangle.png" />
    <None Include="Resource\undo.png" />
    <None Include="Resource\undo_icon.png" />
    <None Include="Resource\undo_icon_select.png" />
    <None Include="resource\upTriangle.png" />
    <None Include="Resource\popup_image\up_button.png" />
    <None Include="Resource\popup_image\up_button_hover.png" />
    <None Include="Resource\upper2_arrange.png" />
    <None Include="Resource\upper2_autorepair.png" />
    <None Include="Resource\upper2_cut.png" />
    <None Include="Resource\upper2_export.png" />
    <None Include="Resource\upper2_extend.png" />
    <None Include="Resource\upper2_feedback.png" />
    <None Include="Resource\upper2_label.png" />
    <None Include="Resource\upper2_layflat.png" />
    <None Include="Resource\upper2_move.png" />
    <None Include="Resource\upper2_open.png" />
    <None Include="Resource\upper2_orient.png" />
    <None Include="Resource\upper2_rotate.png" />
    <None Include="Resource\upper2_save.png" />
    <None Include="Resource\upper2_scale.png" />
    <None Include="Resource\upper2_setting.png" />
    <None Include="Resource\upper2_shelloffset.png" />
    <None Include="Resource\upper2_support.png" />
    <None Include="resource\upper_arrange.png" />
    <None Include="resource\upper_autorepair.png" />
    <None Include="resource\upper_cut.png" />
    <None Include="resource\upper_export.png" />
    <None Include="Resource\upper_extend.png" />
    <None Include="Resource\upper_feedback.png" />
    <None Include="resource\upper_label.png" />
    <None Include="resource\upper_layflat.png" />
    <None Include="resource\upper_move.png" />
    <None Include="resource\upper_open.png" />
    <None Include="resource\upper_orientation.png" />
    <None Include="resource\upper_rotate.png" />
    <None Include="resource\upper_save.png" />
    <None Include="resource\upper_scale.png" />
    <None Include="Resource\upper_setting.png" />
    <None Include="resource\upper_shelloffset.png" />
    <None Include="resource\upper_support.png" />
    <None Include="resource\view.png" />
    <None Include="resource\view_back.png" />
    <None Include="resource\view_background.png" />
    <None Include="resource\view_bottom.png" />
    <None Include="resource\view_center.png" />
    <None Include="resource\view_front.png" />
    <None Include="resource\view_left.png" />
    <None Include="resource\view_right.png" />
    <None Include="resource\view_up.png" />
    <None Include="resource\zoom.png" />
    <None Include="resource\zoom_down.png" />
    <None Include="resource\zoom_up.png" />
    <None Include="icon.ico" />
    <None Include="Qml\PartList.qml" />
    <None Include="Qml\PartListItem.qml" />
    <None Include="Qml\PartListFullnameBox.qml" />
    <None Include="Qml\FeaturePopup\PopupSlice.qml" />
    <None Include="Qml\Controls\CtrToggleButton.qml" />
    <None Include="cork\src\mesh\mesh.bool.tpp" />
    <None Include="cork\src\mesh\mesh.isct.tpp" />
    <None Include="cork\src\mesh\mesh.remesh.tpp" />
    <None Include="cork\src\mesh\mesh.topoCache.tpp" />
    <None Include="cork\src\mesh\mesh.tpp" />
    <None Include="cork\src\rawmesh\rawMesh.tpp" />
  </ItemGroup>
  <ItemGroup>
    <Filter Include="Source Files">
      <UniqueIdentifier>{4FC737F1-C7A5-4376-A066-2A32D752A2FF}</UniqueIdentifier>
      <Extensions>cpp;c;cc;cxx;def;odl;idl;hpj;bat;asm;asmx</Extensions>
      <ParseFiles>true</ParseFiles>
    </Filter>
    <Filter Include="Header Files">
      <UniqueIdentifier>{93995380-89BD-4b04-88EB-625FBE52EBFB}</UniqueIdentifier>
      <Extensions>h;hh;hpp;hxx;hm;inl;inc;xsd</Extensions>
      <ParseFiles>true</ParseFiles>
    </Filter>
  </ItemGroup>
</Project>