
Microsoft Visual Studio Solution File, Format Version 12.00
# Visual Studio Version 17
VisualStudioVersion = 17.0.31912.275
MinimumVisualStudioVersion = 10.0.40219.1
Project("{8BC9CEB8-8B4A-11D0-8D11-00A0C91BC942}") = "DentSlicer", "DentSlicer.vcxproj", "{7F7BCB7E-FAF0-39AA-8657-C3F104D9A8E3}"
	ProjectSection(ProjectDependencies) = postProject
		{DD2CEF13-331E-3997-A174-CD4B5E6028B7} = {DD2CEF13-331E-3997-A174-CD4B5E6028B7}
		{239D1648-B3DC-437E-830C-F2106C01B30C} = {239D1648-B3DC-437E-830C-F2106C01B30C}
	EndProjectSection
EndProject
Project("{8BC9CEB8-8B4A-11D0-8D11-00A0C91BC942}") = "wincorkDLL", "cork\win\wincork\wincorkDLL.vcxproj", "{239D1648-B3DC-437E-830C-F2106C01B30C}"
EndProject
Project("{8BC9CEB8-8B4A-11D0-8D11-00A0C91BC942}") = "CrashReporter", "utils\CrashReport\CrashReporter\CrashReporter.vcxproj", "{DD2CEF13-331E-3997-A174-CD4B5E6028B7}"
EndProject
Global
	GlobalSection(SolutionConfigurationPlatforms) = preSolution
		Debug|x64 = Debug|x64
		Debug|x86 = Debug|x86
		Release|x64 = Release|x64
		Release|x86 = Release|x86
	EndGlobalSection
	GlobalSection(ProjectConfigurationPlatforms) = postSolution
		{7F7BCB7E-FAF0-39AA-8657-C3F104D9A8E3}.Debug|x64.ActiveCfg = Debug|x64
		{7F7BCB7E-FAF0-39AA-8657-C3F104D9A8E3}.Debug|x64.Build.0 = Debug|x64
		{7F7BCB7E-FAF0-39AA-8657-C3F104D9A8E3}.Debug|x86.ActiveCfg = Debug|x64
		{7F7BCB7E-FAF0-39AA-8657-C3F104D9A8E3}.Release|x64.ActiveCfg = Release|x64
		{7F7BCB7E-FAF0-39AA-8657-C3F104D9A8E3}.Release|x64.Build.0 = Release|x64
		{7F7BCB7E-FAF0-39AA-8657-C3F104D9A8E3}.Release|x86.ActiveCfg = Release|x64
		{239D1648-B3DC-437E-830C-F2106C01B30C}.Debug|x64.ActiveCfg = Debug|x64
		{239D1648-B3DC-437E-830C-F2106C01B30C}.Debug|x64.Build.0 = Debug|x64
		{239D1648-B3DC-437E-830C-F2106C01B30C}.Debug|x86.ActiveCfg = Debug|Win32
		{239D1648-B3DC-437E-830C-F2106C01B30C}.Debug|x86.Build.0 = Debug|Win32
		{239D1648-B3DC-437E-830C-F2106C01B30C}.Release|x64.ActiveCfg = Release|x64
		{239D1648-B3DC-437E-830C-F2106C01B30C}.Release|x64.Build.0 = Release|x64
		{239D1648-B3DC-437E-830C-F2106C01B30C}.Release|x86.ActiveCfg = Release|Win32
		{239D1648-B3DC-437E-830C-F2106C01B30C}.Release|x86.Build.0 = Release|Win32
		{DD2CEF13-331E-3997-A174-CD4B5E6028B7}.Debug|x64.ActiveCfg = Debug|x64
		{DD2CEF13-331E-3997-A174-CD4B5E6028B7}.Debug|x64.Build.0 = Debug|x64
		{DD2CEF13-331E-3997-A174-CD4B5E6028B7}.Debug|x86.ActiveCfg = Debug|x64
		{DD2CEF13-331E-3997-A174-CD4B5E6028B7}.Debug|x86.Build.0 = Debug|x64
		{DD2CEF13-331E-3997-A174-CD4B5E6028B7}.Release|x64.ActiveCfg = Release|x64
		{DD2CEF13-331E-3997-A174-CD4B5E6028B7}.Release|x64.Build.0 = Release|x64
		{DD2CEF13-331E-3997-A174-CD4B5E6028B7}.Release|x86.ActiveCfg = Release|x64
		{DD2CEF13-331E-3997-A174-CD4B5E6028B7}.Release|x86.Build.0 = Release|x64
	EndGlobalSection
	GlobalSection(SolutionProperties) = preSolution
		HideSolutionNode = FALSE
	EndGlobalSection
	GlobalSection(ExtensibilityGlobals) = postSolution
		SolutionGuid = {87850CC5-02BE-457A-BECA-EF851E3D60D2}
	EndGlobalSection
EndGlobal
