<?xml version="1.0" encoding="utf-8"?>
<Project xmlns="http://schemas.microsoft.com/developer/msbuild/2003">
  <ItemGroup>
    <Filter Include="Generated Files">
      <UniqueIdentifier>{71ED8ED8-ACB9-4CE9-BBE1-E00B30144E11}</UniqueIdentifier>
      <Extensions>cpp;c;cxx;moc;h;def;odl;idl;res;</Extensions>
    </Filter>
    <Filter Include="Generated Files">
      <UniqueIdentifier>{71ED8ED8-ACB9-4CE9-BBE1-E00B30144E11}</UniqueIdentifier>
      <Extensions>cpp;c;cxx;moc;h;def;odl;idl;res;</Extensions>
    </Filter>
    <Filter Include="Header Files">
      <UniqueIdentifier>{93995380-89BD-4b04-88EB-625FBE52EBFB}</UniqueIdentifier>
      <Extensions>h;hpp;hxx;hm;inl;inc;xsd</Extensions>
    </Filter>
    <Filter Include="Header Files">
      <UniqueIdentifier>{93995380-89BD-4b04-88EB-625FBE52EBFB}</UniqueIdentifier>
      <Extensions>h;hpp;hxx;hm;inl;inc;xsd</Extensions>
    </Filter>
    <Filter Include="Resource Files">
      <UniqueIdentifier>{D9D6E242-F8AF-46E4-B9FD-80ECBC20BA3E}</UniqueIdentifier>
      <Extensions>qrc;*</Extensions>
      <ParseFiles>false</ParseFiles>
    </Filter>
    <Filter Include="Resource Files">
      <UniqueIdentifier>{D9D6E242-F8AF-46E4-B9FD-80ECBC20BA3E}</UniqueIdentifier>
      <Extensions>qrc;*</Extensions>
      <ParseFiles>false</ParseFiles>
    </Filter>
    <Filter Include="Source Files">
      <UniqueIdentifier>{4FC737F1-C7A5-4376-A066-2A32D752A2FF}</UniqueIdentifier>
      <Extensions>cpp;c;cxx;def;odl;idl;hpj;bat;asm;asmx</Extensions>
    </Filter>
    <Filter Include="Source Files">
      <UniqueIdentifier>{4FC737F1-C7A5-4376-A066-2A32D752A2FF}</UniqueIdentifier>
      <Extensions>cpp;c;cxx;def;odl;idl;hpj;bat;asm;asmx</Extensions>
    </Filter>
    <Filter Include="Distribution Files">
      <UniqueIdentifier>{B83CAF91-C7BF-462F-B76C-EA11631F866C}</UniqueIdentifier>
      <Extensions>*</Extensions>
      <ParseFiles>false</ParseFiles>
    </Filter>
    <Filter Include="Distribution Files">
      <UniqueIdentifier>{B83CAF91-C7BF-462F-B76C-EA11631F866C}</UniqueIdentifier>
      <Extensions>*</Extensions>
      <ParseFiles>false</ParseFiles>
    </Filter>
  </ItemGroup>
  <ItemGroup>
    <ClCompile Include="DentEngine\src\polyclipping\poly2tri\sweep\advancing_front.cpp">
      <Filter>Source Files</Filter>
    </ClCompile>
    <ClCompile Include="feature\autoarrange.cpp">
      <Filter>Source Files</Filter>
    </ClCompile>
    <ClCompile Include="feature\autoorientation.cpp">
      <Filter>Source Files</Filter>
    </ClCompile>
    <ClCompile Include="DentEngine\src\polyclipping\poly2tri\sweep\cdt.cpp">
      <Filter>Source Files</Filter>
    </ClCompile>
    <ClCompile Include="DentEngine\src\polyclipping\clipper\clipper.cpp">
      <Filter>Source Files</Filter>
    </ClCompile>
    <ClCompile Include="DentEngine\src\cmdlineparser.cpp">
      <Filter>Source Files</Filter>
    </ClCompile>
    <ClCompile Include="DentEngine\src\configuration.cpp">
      <Filter>Source Files</Filter>
    </ClCompile>
    <ClCompile Include="feature\convex_hull.cpp">
      <Filter>Source Files</Filter>
    </ClCompile>
    <ClCompile Include="feature\extension.cpp">
      <Filter>Source Files</Filter>
    </ClCompile>
    <ClCompile Include="fileloader.cpp">
      <Filter>Source Files</Filter>
    </ClCompile>
    <ClCompile Include="glmodel.cpp">
      <Filter>Source Files</Filter>
    </ClCompile>
    <ClCompile Include="utils\gridmesh.cpp">
      <Filter>Source Files</Filter>
    </ClCompile>
    <ClCompile Include="feature\hollowshell.cpp">
      <Filter>Source Files</Filter>
    </ClCompile>
    <ClCompile Include="utils\httpreq.cpp">
      <Filter>Source Files</Filter>
    </ClCompile>
    <ClCompile Include="feature\labellingtextpreview.cpp">
      <Filter>Source Files</Filter>
    </ClCompile>
    <ClCompile Include="utils\linemeshgeometry.cpp">
      <Filter>Source Files</Filter>
    </ClCompile>
    <ClCompile Include="main.cpp">
      <Filter>Source Files</Filter>
    </ClCompile>
    <ClCompile Include="utils\mathutils.cpp">
      <Filter>Source Files</Filter>
    </ClCompile>
    <ClCompile Include="DentEngine\src\mesh.cpp">
      <Filter>Source Files</Filter>
    </ClCompile>
    <ClCompile Include="feature\meshrepair.cpp">
      <Filter>Source Files</Filter>
    </ClCompile>
    <ClCompile Include="DentEngine\src\utils\metric.cpp">
      <Filter>Source Files</Filter>
    </ClCompile>
    <ClCompile Include="feature\modelcut.cpp">
      <Filter>Source Files</Filter>
    </ClCompile>
    <ClCompile Include="qmlmanager.cpp">
      <Filter>Source Files</Filter>
    </ClCompile>
    <ClCompile Include="utils\qtriangulator.cpp">
      <Filter>Source Files</Filter>
    </ClCompile>
    <ClCompile Include="utils\quaternionhelper.cpp">
      <Filter>Source Files</Filter>
    </ClCompile>
    <ClCompile Include="DentEngine\src\polyclipping\poly2tri\common\shapes.cpp">
      <Filter>Source Files</Filter>
    </ClCompile>
    <ClCompile Include="feature\shelloffset.cpp">
      <Filter>Source Files</Filter>
    </ClCompile>
    <ClCompile Include="DentEngine\src\slicer.cpp">
      <Filter>Source Files</Filter>
    </ClCompile>
    <ClCompile Include="feature\stlexporter.cpp">
      <Filter>Source Files</Filter>
    </ClCompile>
    <ClCompile Include="DentEngine\src\svgexporter.cpp">
      <Filter>Source Files</Filter>
    </ClCompile>
    <ClCompile Include="DentEngine\src\polyclipping\poly2tri\sweep\sweep.cpp">
      <Filter>Source Files</Filter>
    </ClCompile>
    <ClCompile Include="DentEngine\src\polyclipping\poly2tri\sweep\sweep_context.cpp">
      <Filter>Source Files</Filter>
    </ClCompile>
    <ClCompile Include="feature\text3dgeometrygenerator.cpp">
      <Filter>Source Files</Filter>
    </ClCompile>
    <ClCompile Include="utils\updatechecker.cpp">
      <Filter>Source Files</Filter>
    </ClCompile>
    <ClCompile Include="ui\MoveWidget.cpp">
      <Filter>Source Files</Filter>
    </ClCompile>
    <ClCompile Include="ui\RotateWidget.cpp">
      <Filter>Source Files</Filter>
    </ClCompile>
    <ClCompile Include="input\raycastcontroller.cpp">
      <Filter>Source Files</Filter>
    </ClCompile>
    <ClCompile Include="render\ModelMaterial.cpp">
      <Filter>Source Files</Filter>
    </ClCompile>
    <ClCompile Include="ui\Widget3DManager.cpp">
      <Filter>Generated Files</Filter>
    </ClCompile>
    <ClCompile Include="common\TaskManager.cpp">
      <Filter>Generated Files</Filter>
    </ClCompile>
    <ClCompile Include="ui\Widget3D.cpp">
      <Filter>Generated Files</Filter>
    </ClCompile>
    <ClCompile Include="render\lights.cpp">
      <Filter>Source Files</Filter>
    </ClCompile>
    <ClCompile Include="slice\slicingengine.cpp">
      <Filter>Source Files</Filter>
    </ClCompile>
    <ClCompile Include="slice\SlicingOptBackend.cpp">
      <Filter>Generated Files</Filter>
    </ClCompile>
    <ClCompile Include="unitTest\RunTests.cpp">
      <Filter>Generated Files</Filter>
    </ClCompile>
    <ClCompile Include="unitTest\RandomGen.cpp">
      <Filter>Generated Files</Filter>
    </ClCompile>
    <ClCompile Include="DentEngine\src\ContourBuilder.cpp">
      <Filter>Generated Files</Filter>
    </ClCompile>
    <ClCompile Include="DentEngine\src\polyclipping\polyclipping.cpp">
      <Filter>Generated Files</Filter>
    </ClCompile>
    <ClCompile Include="DentEngine\src\Planes.cpp">
      <Filter>Generated Files</Filter>
    </ClCompile>
    <ClCompile Include="feature\overhangDetect.cpp">
      <Filter>Generated Files</Filter>
    </ClCompile>
    <ClCompile Include="ui\CubeWidget.cpp">
      <Filter>Generated Files</Filter>
    </ClCompile>
    <ClCompile Include="ui\CubeWidget.cpp">
      <Filter>Generated Files</Filter>
    </ClCompile>
    <ClCompile Include="common\Task.cpp">
      <Filter>Generated Files</Filter>
    </ClCompile>
    <ClCompile Include="feature\Extrude.cpp">
      <Filter>Generated Files</Filter>
    </ClCompile>
    <ClCompile Include="render\SceneEntity.cpp">
      <Filter>Generated Files</Filter>
    </ClCompile>
    <ClCompile Include="render\SceneEntityWithMaterial.cpp">
      <Filter>Generated Files</Filter>
    </ClCompile>
    <ClCompile Include="support\VerticalSupportModel.cpp">
      <Filter>Generated Files</Filter>
    </ClCompile>
    <ClCompile Include="support\SupportRaftManager.cpp">
      <Filter>Generated Files</Filter>
    </ClCompile>
    <ClCompile Include="support\SupportModel.cpp">
      <Filter>Generated Files</Filter>
    </ClCompile>
    <ClCompile Include="support\RaftModel.cpp">
      <Filter>Generated Files</Filter>
    </ClCompile>
    <ClCompile Include="support\CylindricalRaft.cpp">
      <Filter>Generated Files</Filter>
    </ClCompile>
    <ClCompile Include="feature\Shapes2D.cpp">
      <Filter>Generated Files</Filter>
    </ClCompile>
    <ClCompile Include="input\HitTestAble.cpp">
      <Filter>Generated Files</Filter>
    </ClCompile>
    <ClCompile Include="render\LineMeshEntity.cpp">
      <Filter>Generated Files</Filter>
    </ClCompile>
    <ClCompile Include="feature\cut\DrawingPlane.cpp">
      <Filter>Generated Files</Filter>
    </ClCompile>
    <ClCompile Include="feature\cut\FreeCutPtWidget.cpp">
      <Filter>Generated Files</Filter>
    </ClCompile>
    <ClCompile Include="input\Hoverable.cpp">
      <Filter>Generated Files</Filter>
    </ClCompile>
    <ClCompile Include="input\Draggable.cpp">
      <Filter>Generated Files</Filter>
    </ClCompile>
    <ClCompile Include="feature\cut\modelCutZAxis.cpp">
      <Filter>Generated Files</Filter>
    </ClCompile>
    <ClCompile Include="DentEngine\src\polyclipping\polytree2tri\PolytreeCDT.cpp">
      <Filter>Generated Files</Filter>
    </ClCompile>
    <ClCompile Include="DentEngine\src\Bounds3D.cpp">
      <Filter>Generated Files</Filter>
    </ClCompile>
  </ItemGroup>
  <ItemGroup>
    <ClInclude Include="DentEngine\src\polyclipping\poly2tri\sweep\advancing_front.h">
      <Filter>Header Files</Filter>
    </ClInclude>
    <QtMoc Include="feature\autoarrange.h">
      <Filter>Header Files</Filter>
    </QtMoc>
    <ClInclude Include="DentEngine\src\polyclipping\poly2tri\sweep\cdt.h">
      <Filter>Header Files</Filter>
    </ClInclude>
    <ClInclude Include="DentEngine\src\polyclipping\clipper\clipper.hpp">
      <Filter>Header Files</Filter>
    </ClInclude>
    <ClInclude Include="DentEngine\src\cmdlineparser.h">
      <Filter>Header Files</Filter>
    </ClInclude>
    <ClInclude Include="DentEngine\src\configuration.h">
      <Filter>Header Files</Filter>
    </ClInclude>
    <ClInclude Include="feature\convex_hull.h">
      <Filter>Header Files</Filter>
    </ClInclude>
    <ClInclude Include="feature\extension.h">
      <Filter>Header Files</Filter>
    </ClInclude>
    <ClInclude Include="fileloader.h">
      <Filter>Header Files</Filter>
    </ClInclude>
    <QtMoc Include="glmodel.h">
      <Filter>Header Files</Filter>
    </QtMoc>
    <QtMoc Include="utils\gridmesh.h">
      <Filter>Header Files</Filter>
    </QtMoc>
    <ClInclude Include="feature\hollowshell.h">
      <Filter>Header Files</Filter>
    </ClInclude>
    <QtMoc Include="utils\httpreq.h">
      <Filter>Header Files</Filter>
    </QtMoc>
    <QtMoc Include="feature\labellingtextpreview.h">
      <Filter>Header Files</Filter>
    </QtMoc>
    <QtMoc Include="utils\linemeshgeometry.h">
      <Filter>Header Files</Filter>
    </QtMoc>
    <ClInclude Include="utils\mathutils.h">
      <Filter>Header Files</Filter>
    </ClInclude>
    <ClInclude Include="DentEngine\src\mesh.h">
      <Filter>Header Files</Filter>
    </ClInclude>
    <ClInclude Include="feature\meshrepair.h">
      <Filter>Header Files</Filter>
    </ClInclude>
    <ClInclude Include="DentEngine\src\utils\metric.h">
      <Filter>Header Files</Filter>
    </ClInclude>
    <QtMoc Include="feature\modelcut.h">
      <Filter>Header Files</Filter>
    </QtMoc>
    <ClInclude Include="DentEngine\src\polyclipping\poly2tri\poly2tri.h">
      <Filter>Header Files</Filter>
    </ClInclude>
    <ClInclude Include="utils\qbezier.h">
      <Filter>Header Files</Filter>
    </ClInclude>
    <ClInclude Include="utils\qdatabuffer_p.h">
      <Filter>Header Files</Filter>
    </ClInclude>
    <QtMoc Include="qmlmanager.h">
      <Filter>Header Files</Filter>
    </QtMoc>
    <ClInclude Include="utils\qrbtree.h">
      <Filter>Header Files</Filter>
    </ClInclude>
    <ClInclude Include="utils\qtriangulator_p.h">
      <Filter>Header Files</Filter>
    </ClInclude>
    <QtMoc Include="utils\quaternionhelper.h">
      <Filter>Header Files</Filter>
    </QtMoc>
    <ClInclude Include="utils\qvectorpath_p.h">
      <Filter>Header Files</Filter>
    </ClInclude>
    <ClInclude Include="DentEngine\src\polyclipping\poly2tri\common\shapes.h">
      <Filter>Header Files</Filter>
    </ClInclude>
    <ClInclude Include="feature\shelloffset.h">
      <Filter>Header Files</Filter>
    </ClInclude>
    <ClInclude Include="DentEngine\src\slicer.h">
      <Filter>Header Files</Filter>
    </ClInclude>
    <ClInclude Include="feature\stlexporter.h">
      <Filter>Header Files</Filter>
    </ClInclude>
    <ClInclude Include="DentEngine\src\svgexporter.h">
      <Filter>Header Files</Filter>
    </ClInclude>
    <ClInclude Include="DentEngine\src\polyclipping\poly2tri\sweep\sweep.h">
      <Filter>Header Files</Filter>
    </ClInclude>
    <ClInclude Include="DentEngine\src\polyclipping\poly2tri\sweep\sweep_context.h">
      <Filter>Header Files</Filter>
    </ClInclude>
    <ClInclude Include="feature\text3dgeometrygenerator.h">
      <Filter>Header Files</Filter>
    </ClInclude>
    <QtMoc Include="utils\updatechecker.h">
      <Filter>Header Files</Filter>
    </QtMoc>
    <ClInclude Include="DentEngine\src\polyclipping\poly2tri\common\utils.h">
      <Filter>Header Files</Filter>
    </ClInclude>
    <ClInclude Include="utils\utils.h">
      <Filter>Header Files</Filter>
    </ClInclude>
    <ClInclude Include="utils\winsparkle\winsparkle.h">
      <Filter>Header Files</Filter>
    </ClInclude>
    <ClInclude Include="common\Singleton.h">
      <Filter>Header Files</Filter>
    </ClInclude>
    <ClInclude Include="common\TrackedIndexedList.h">
      <Filter>Source Files</Filter>
    </ClInclude>
    <ClInclude Include="common\IteratorWrapper.h">
      <Filter>Header Files</Filter>
    </ClInclude>
    <ClInclude Include="common\indexedlist.h">
      <Filter>Header Files</Filter>
    </ClInclude>
    <ClInclude Include="input\Hoverable.h">
      <Filter>Header Files</Filter>
    </ClInclude>
    <ClInclude Include="input\Draggable.h">
      <Filter>Header Files</Filter>
    </ClInclude>
    <ClInclude Include="unitTest\catch.hpp">
      <Filter>Header Files</Filter>
    </ClInclude>
    <ClInclude Include="DentEngine\src\polyclipping\QDebugPolyclipping.h">
      <Filter>Header Files</Filter>
    </ClInclude>
    <ClInclude Include="ui\Widget3DManager.h">
      <Filter>Generated Files</Filter>
    </ClInclude>
    <ClInclude Include="common\moodycamel\atomicops.h">
      <Filter>Generated Files</Filter>
    </ClInclude>
    <ClInclude Include="common\moodycamel\readerwriterqueue.h">
      <Filter>Generated Files</Filter>
    </ClInclude>
    <ClInclude Include="common\taskflow\core\executor.hpp">
      <Filter>Header Files</Filter>
    </ClInclude>
    <ClInclude Include="common\taskflow\core\flow_builder.hpp">
      <Filter>Header Files</Filter>
    </ClInclude>
    <ClInclude Include="common\taskflow\core\graph.hpp">
      <Filter>Header Files</Filter>
    </ClInclude>
    <ClInclude Include="common\taskflow\core\notifier.hpp">
      <Filter>Header Files</Filter>
    </ClInclude>
    <ClInclude Include="common\taskflow\core\observer.hpp">
      <Filter>Header Files</Filter>
    </ClInclude>
    <ClInclude Include="common\taskflow\core\spmc_queue.hpp">
      <Filter>Header Files</Filter>
    </ClInclude>
    <ClInclude Include="common\taskflow\core\task.hpp">
      <Filter>Header Files</Filter>
    </ClInclude>
    <ClInclude Include="common\taskflow\core\taskflow.hpp">
      <Filter>Header Files</Filter>
    </ClInclude>
    <ClInclude Include="common\taskflow\core\topology.hpp">
      <Filter>Header Files</Filter>
    </ClInclude>
    <ClInclude Include="common\taskflow\error\error.hpp">
      <Filter>Header Files</Filter>
    </ClInclude>
    <ClInclude Include="common\taskflow\predef\architecture.hpp">
      <Filter>Header Files</Filter>
    </ClInclude>
    <ClInclude Include="common\taskflow\predef\architecture\arm.hpp">
      <Filter>Header Files</Filter>
    </ClInclude>
    <ClInclude Include="common\taskflow\predef\architecture\mips.hpp">
      <Filter>Header Files</Filter>
    </ClInclude>
    <ClInclude Include="common\taskflow\predef\architecture\ppc.hpp">
      <Filter>Header Files</Filter>
    </ClInclude>
    <ClInclude Include="common\taskflow\predef\architecture\x86.hpp">
      <Filter>Header Files</Filter>
    </ClInclude>
    <ClInclude Include="common\taskflow\predef\compiler.hpp">
      <Filter>Header Files</Filter>
    </ClInclude>
    <ClInclude Include="common\taskflow\predef\compiler\clang.hpp">
      <Filter>Header Files</Filter>
    </ClInclude>
    <ClInclude Include="common\taskflow\predef\compiler\comp_detected.hpp">
      <Filter>Header Files</Filter>
    </ClInclude>
    <ClInclude Include="common\taskflow\predef\compiler\gcc.hpp">
      <Filter>Header Files</Filter>
    </ClInclude>
    <ClInclude Include="common\taskflow\predef\compiler\msvc.hpp">
      <Filter>Header Files</Filter>
    </ClInclude>
    <ClInclude Include="common\taskflow\predef\os.hpp">
      <Filter>Header Files</Filter>
    </ClInclude>
    <ClInclude Include="common\taskflow\predef\os\ios.hpp">
      <Filter>Header Files</Filter>
    </ClInclude>
    <ClInclude Include="common\taskflow\predef\os\macos.hpp">
      <Filter>Header Files</Filter>
    </ClInclude>
    <ClInclude Include="common\taskflow\predef\os\os_detected.hpp">
      <Filter>Header Files</Filter>
    </ClInclude>
    <ClInclude Include="common\taskflow\predef\stringify.hpp">
      <Filter>Header Files</Filter>
    </ClInclude>
    <ClInclude Include="common\taskflow\predef\version_number.hpp">
      <Filter>Header Files</Filter>
    </ClInclude>
    <ClInclude Include="common\taskflow\taskflow.hpp">
      <Filter>Header Files</Filter>
    </ClInclude>
    <ClInclude Include="common\taskflow\utility\backoff.hpp">
      <Filter>Header Files</Filter>
    </ClInclude>
    <ClInclude Include="common\taskflow\utility\generic_allocator.hpp">
      <Filter>Header Files</Filter>
    </ClInclude>
    <ClInclude Include="common\taskflow\utility\object_pool.hpp">
      <Filter>Header Files</Filter>
    </ClInclude>
    <ClInclude Include="common\taskflow\utility\passive_vector.hpp">
      <Filter>Header Files</Filter>
    </ClInclude>
    <ClInclude Include="common\taskflow\utility\singular_allocator.hpp">
      <Filter>Header Files</Filter>
    </ClInclude>
    <ClInclude Include="common\taskflow\utility\traits.hpp">
      <Filter>Header Files</Filter>
    </ClInclude>
    <ClInclude Include="common\TaskManager.h">
      <Filter>Generated Files</Filter>
    </ClInclude>
    <ClInclude Include="render\Color.h">
      <Filter>Generated Files</Filter>
    </ClInclude>
    <ClInclude Include="DentEngine\src\polyclipping\polyclipping.h">
      <Filter>Generated Files</Filter>
    </ClInclude>
    <ClInclude Include="common\RamosEnum.h">
      <Filter>Generated Files</Filter>
    </ClInclude>
    <ClInclude Include="feature\autoorientation.h">
      <Filter>Header Files</Filter>
    </ClInclude>
    <ClInclude Include="slice\slicingengine.h">
      <Filter>Header Files</Filter>
    </ClInclude>
    <ClInclude Include="unitTest\tests\Float3DVectorHash.h">
      <Filter>Generated Files</Filter>
    </ClInclude>
    <ClInclude Include="unitTest\tests\IndexedListTest.h">
      <Filter>Generated Files</Filter>
    </ClInclude>
    <ClInclude Include="unitTest\tests\SlicerTest.h">
      <Filter>Generated Files</Filter>
    </ClInclude>
    <ClInclude Include="unitTest\tests\TrackedIndexedListTest.h">
      <Filter>Generated Files</Filter>
    </ClInclude>
    <ClInclude Include="unitTest\RunTests.h">
      <Filter>Generated Files</Filter>
    </ClInclude>
    <ClInclude Include="unitTest\RandomGen.h">
      <Filter>Generated Files</Filter>
    </ClInclude>
    <ClInclude Include="DentEngine\src\ContourBuilder.h">
      <Filter>Generated Files</Filter>
    </ClInclude>
    <ClInclude Include="DentEngine\src\Planes.h">
      <Filter>Generated Files</Filter>
    </ClInclude>
    <ClInclude Include="feature\overhangDetect.h">
      <Filter>Generated Files</Filter>
    </ClInclude>
    <ClInclude Include="common\Task.h">
      <Filter>Generated Files</Filter>
    </ClInclude>
    <ClInclude Include="feature\Extrude.h">
      <Filter>Generated Files</Filter>
    </ClInclude>
    <ClInclude Include="support\SupportRaftManager.h">
      <Filter>Generated Files</Filter>
    </ClInclude>
    <ClInclude Include="input\Clickable.h">
      <Filter>Generated Files</Filter>
    </ClInclude>
    <ClInclude Include="support\VerticalSupportModel.h">
      <Filter>Generated Files</Filter>
    </ClInclude>
    <ClInclude Include="support\SupportModel.h">
      <Filter>Generated Files</Filter>
    </ClInclude>
    <ClInclude Include="ui\Highlightable.h">
      <Filter>Generated Files</Filter>
    </ClInclude>
    <ClInclude Include="support\RaftModel.h">
      <Filter>Generated Files</Filter>
    </ClInclude>
    <ClInclude Include="support\CylindricalRaft.h">
      <Filter>Generated Files</Filter>
    </ClInclude>
    <ClInclude Include="feature\Shapes2D.h">
      <Filter>Generated Files</Filter>
    </ClInclude>
    <ClInclude Include="input\HitTestAble.h">
      <Filter>Generated Files</Filter>
    </ClInclude>
    <ClInclude Include="feature\cut\DrawingPlane.h">
      <Filter>Generated Files</Filter>
    </ClInclude>
    <ClInclude Include="feature\cut\FreeCutPtWidget.h">
      <Filter>Generated Files</Filter>
    </ClInclude>
    <ClInclude Include="feature\cut\modelCutZAxis.h">
      <Filter>Generated Files</Filter>
    </ClInclude>
    <ClInclude Include="DentEngine\src\polyclipping\polytree2tri\PolytreeCDT.h">
      <Filter>Generated Files</Filter>
    </ClInclude>
    <ClInclude Include="DentEngine\src\Bounds3D.h">
      <Filter>Generated Files</Filter>
    </ClInclude>
    <ClInclude Include="common\Hasher.h">
      <Filter>Generated Files</Filter>
    </ClInclude>
  </ItemGroup>
  <ItemGroup>
    <CustomBuild Include="debug\moc_predefs.h.cbt">
      <Filter>Generated Files</Filter>
    </CustomBuild>
    <CustomBuild Include="release\moc_predefs.h.cbt">
      <Filter>Generated Files</Filter>
    </CustomBuild>
  </ItemGroup>
  <ItemGroup>
    <None Include="Qml\CameraController.qml">
      <Filter>Resource Files</Filter>
    </None>
    <None Include="Qml\CameraManager.qml">
      <Filter>Resource Files</Filter>
    </None>
    <None Include="Qml\CoordinateMesh.qml">
      <Filter>Resource Files</Filter>
    </None>
    <None Include="Qml\FeedbackPopUp.qml">
      <Filter>Resource Files</Filter>
    </None>
    <None Include="Qml\FileDialogLoad.qml">
      <Filter>Resource Files</Filter>
    </None>
    <None Include="Qml\LayerViewPopup.qml">
      <Filter>Resource Files</Filter>
    </None>
    <None Include="Qml\LayerViewSlider.qml">
      <Filter>Resource Files</Filter>
    </None>
    <None Include="Qml\LeftTab.qml">
      <Filter>Resource Files</Filter>
    </None>
    <None Include="Qml\LeftTabExport.qml">
      <Filter>Resource Files</Filter>
    </None>
    <None Include="Qml\LeftTabExportElement.qml">
      <Filter>Resource Files</Filter>
    </None>
    <None Include="Qml\LeftTabPartList.qml">
      <Filter>Resource Files</Filter>
    </None>
    <None Include="Qml\LeftTabPartListElement.qml">
      <Filter>Resource Files</Filter>
    </None>
    <None Include="Qml\LeftTabSlicingOption.qml">
      <Filter>Resource Files</Filter>
    </None>
    <None Include="Qml\LeftTabSlicingOptionElement.qml">
      <Filter>Resource Files</Filter>
    </None>
    <None Include="Qml\LeftTabSlicingOptionElement2.qml">
      <Filter>Resource Files</Filter>
    </None>
    <None Include="Qml\LeftTabSlicingOptionElement3.qml">
      <Filter>Resource Files</Filter>
    </None>
    <None Include="Qml\LeftTabViewMode.qml">
      <Filter>Resource Files</Filter>
    </None>
    <None Include="Qml\Login.qml">
      <Filter>Resource Files</Filter>
    </None>
    <None Include="Qml\MainView.qml">
      <Filter>Resource Files</Filter>
    </None>
    <None Include="Qml\MeshPlate.qml">
      <Filter>Resource Files</Filter>
    </None>
    <None Include="Qml\MeshTransformerMove.qml">
      <Filter>Resource Files</Filter>
    </None>
    <None Include="Qml\MeshTransformerRotate.qml">
      <Filter>Resource Files</Filter>
    </None>
    <None Include="Qml\MeshTransformerTab.qml">
      <Filter>Resource Files</Filter>
    </None>
    <None Include="Qml\MeshTransformerZoom.qml">
      <Filter>Resource Files</Filter>
    </None>
    <None Include="Qml\Model.qml">
      <Filter>Resource Files</Filter>
    </None>
    <None Include="Resource\font\NotoSans-Regular.ttf">
      <Filter>Resource Files</Filter>
    </None>
    <None Include="Resource\font\NotoSans-SemiCondensed.ttf">
      <Filter>Resource Files</Filter>
    </None>
    <None Include="Resource\font\NotoSans-SemiCondensedMedium.ttf">
      <Filter>Resource Files</Filter>
    </None>
    <None Include="Qml\Planeslider.qml">
      <Filter>Resource Files</Filter>
    </None>
    <None Include="Qml\Plate.qml">
      <Filter>Resource Files</Filter>
    </None>
    <None Include="Qml\PopUp.qml">
      <Filter>Resource Files</Filter>
    </None>
    <None Include="Qml\ProgressPopUp.qml">
      <Filter>Resource Files</Filter>
    </None>
    <None Include="Qml\ResultPopup.qml">
      <Filter>Resource Files</Filter>
    </None>
    <None Include="Qml\SCroll.qml">
      <Filter>Resource Files</Filter>
    </None>
    <None Include="Qml\SettingPopup.qml">
      <Filter>Resource Files</Filter>
    </None>
    <None Include="Qml\SlicingData.qml">
      <Filter>Resource Files</Filter>
    </None>
    <None Include="Qml\SlicingDataElement.qml">
      <Filter>Resource Files</Filter>
    </None>
    <None Include="Qml\UICore.qml">
      <Filter>Resource Files</Filter>
    </None>
    <None Include="Qml\UndoRedoButton.qml">
      <Filter>Resource Files</Filter>
    </None>
    <None Include="Qml\UpperButton.qml">
      <Filter>Resource Files</Filter>
    </None>
    <None Include="Qml\UpperTab.qml">
      <Filter>Resource Files</Filter>
    </None>
    <None Include="Qml\ViewButton.qml">
      <Filter>Resource Files</Filter>
    </None>
    <None Include="Qml\ViewChange.qml">
      <Filter>Resource Files</Filter>
    </None>
    <None Include="Qml\YesNoPopup.qml">
      <Filter>Resource Files</Filter>
    </None>
    <None Include="Resource\mesh\arrow.stl">
      <Filter>Resource Files</Filter>
    </None>
    <None Include="resource\bar.png">
      <Filter>Resource Files</Filter>
    </None>
    <None Include="Resource\mesh\boundedBox.stl">
      <Filter>Resource Files</Filter>
    </None>
    <None Include="Resource\mesh\boundedBox2.stl">
      <Filter>Resource Files</Filter>
    </None>
    <None Include="Resource\mesh\boundedBox3.stl">
      <Filter>Resource Files</Filter>
    </None>
    <None Include="Resource\mesh\box.stl">
      <Filter>Resource Files</Filter>
    </None>
    <None Include="Resource\mesh\box05mm.stl">
      <Filter>Resource Files</Filter>
    </None>
    <None Include="Resource\mesh\box1mm.stl">
      <Filter>Resource Files</Filter>
    </None>
    <None Include="Resource\mesh\box2.stl">
      <Filter>Resource Files</Filter>
    </None>
    <None Include="resource\combo_arrow.png">
      <Filter>Resource Files</Filter>
    </None>
    <None Include="resource\cursor.png">
      <Filter>Resource Files</Filter>
    </None>
    <None Include="Resource\cursor_eraser.png">
      <Filter>Resource Files</Filter>
    </None>
    <None Include="resource\cut_act.png">
      <Filter>Resource Files</Filter>
    </None>
    <None Include="resource\cut_curved.png">
      <Filter>Resource Files</Filter>
    </None>
    <None Include="resource\cut_flat.png">
      <Filter>Resource Files</Filter>
    </None>
    <None Include="resource\downTriangle.png">
      <Filter>Resource Files</Filter>
    </None>
    <None Include="Resource\popup_image\down_button.png">
      <Filter>Resource Files</Filter>
    </None>
    <None Include="Resource\popup_image\down_button_hover.png">
      <Filter>Resource Files</Filter>
    </None>
    <None Include="Resource\pem\dsa_pub.pem">
      <Filter>Resource Files</Filter>
    </None>
    <None Include="Resource\flat_cut.png">
      <Filter>Resource Files</Filter>
    </None>
    <None Include="Resource\flat_cut_select.png">
      <Filter>Resource Files</Filter>
    </None>
    <None Include="Resource\free_cut.png">
      <Filter>Resource Files</Filter>
    </None>
    <None Include="Resource\free_cut_select.png">
      <Filter>Resource Files</Filter>
    </None>
    <None Include="Resource\mesh\grid.obj">
      <Filter>Resource Files</Filter>
    </None>
    <None Include="grid.png">
      <Filter>Resource Files</Filter>
    </None>
    <None Include="grid2.png">
      <Filter>Resource Files</Filter>
    </None>
    <None Include="icon-32.ico">
      <Filter>Resource Files</Filter>
    </None>
    <None Include="Resource\popup_image\image_arrange.png">
      <Filter>Resource Files</Filter>
    </None>
    <None Include="Resource\popup_image\image_autorepair.png">
      <Filter>Resource Files</Filter>
    </None>
    <None Include="Resource\popup_image\image_layflat.png">
      <Filter>Resource Files</Filter>
    </None>
    <None Include="Resource\popup_image\image_orient.png">
      <Filter>Resource Files</Filter>
    </None>
    <None Include="Resource\label_description.png">
      <Filter>Resource Files</Filter>
    </None>
    <None Include="lang_ko.qm">
      <Filter>Resource Files</Filter>
    </None>
    <None Include="Resource\login_leftbutton.png">
      <Filter>Resource Files</Filter>
    </None>
    <None Include="Resource\login_logo.png">
      <Filter>Resource Files</Filter>
    </None>
    <None Include="Resource\login_rightbutton.png">
      <Filter>Resource Files</Filter>
    </None>
    <None Include="Qml\main.qml">
      <Filter>Resource Files</Filter>
    </None>
    <None Include="resource\model_delete.png">
      <Filter>Resource Files</Filter>
    </None>
    <None Include="resource\model_delete_select.png">
      <Filter>Resource Files</Filter>
    </None>
    <None Include="resource\model_move.png">
      <Filter>Resource Files</Filter>
    </None>
    <None Include="resource\model_move_select.png">
      <Filter>Resource Files</Filter>
    </None>
    <None Include="resource\model_rotate.png">
      <Filter>Resource Files</Filter>
    </None>
    <None Include="resource\model_rotate_select.png">
      <Filter>Resource Files</Filter>
    </None>
    <None Include="resource\model_scale.png">
      <Filter>Resource Files</Filter>
    </None>
    <None Include="resource\model_scale_select.png">
      <Filter>Resource Files</Filter>
    </None>
    <None Include="resource\move_arrow.png">
      <Filter>Resource Files</Filter>
    </None>
    <None Include="resource\move_circle.png">
      <Filter>Resource Files</Filter>
    </None>
    <None Include="Resource\part_delete.png">
      <Filter>Resource Files</Filter>
    </None>
    <None Include="resource\part_off.png">
      <Filter>Resource Files</Filter>
    </None>
    <None Include="resource\part_on.png">
      <Filter>Resource Files</Filter>
    </None>
    <None Include="Resource\part_select.png">
      <Filter>Resource Files</Filter>
    </None>
    <None Include="resource\pen.png">
      <Filter>Resource Files</Filter>
    </None>
    <None Include="Resource\mesh\plate.stl">
      <Filter>Resource Files</Filter>
    </None>
    <None Include="Resource\mesh\plate_logo.stl">
      <Filter>Resource Files</Filter>
    </None>
    <None Include="Resource\mesh\plate_plane.stl">
      <Filter>Resource Files</Filter>
    </None>
    <QtRcc Include="qml.qrc">
      <Filter>Resource Files</Filter>
    </QtRcc>
    <None Include="Resource\redo.png">
      <Filter>Resource Files</Filter>
    </None>
    <None Include="Resource\redo_icon.png">
      <Filter>Resource Files</Filter>
    </None>
    <None Include="Resource\redo_icon_select.png">
      <Filter>Resource Files</Filter>
    </None>
    <QtRcc Include="resources.qrc">
      <Filter>Resource Files</Filter>
    </QtRcc>
    <None Include="resource\rotate_back.png">
      <Filter>Resource Files</Filter>
    </None>
    <None Include="resource\rotate_x.png">
      <Filter>Resource Files</Filter>
    </None>
    <None Include="resource\rotate_x2.png">
      <Filter>Resource Files</Filter>
    </None>
    <None Include="resource\rotate_y.png">
      <Filter>Resource Files</Filter>
    </None>
    <None Include="resource\rotate_y2.png">
      <Filter>Resource Files</Filter>
    </None>
    <None Include="resource\rotate_z.png">
      <Filter>Resource Files</Filter>
    </None>
    <None Include="Resource\popup_image\scale_lock.png">
      <Filter>Resource Files</Filter>
    </None>
    <None Include="Resource\popup_image\scale_unlock.png">
      <Filter>Resource Files</Filter>
    </None>
    <None Include="Resource\popup_image\shelloffset_switch.png">
      <Filter>Resource Files</Filter>
    </None>
    <None Include="Resource\popup_image\shelloffset_switch_hover.png">
      <Filter>Resource Files</Filter>
    </None>
    <None Include="resource\slicing_clock.png">
      <Filter>Resource Files</Filter>
    </None>
    <None Include="resource\slicing_layer.png">
      <Filter>Resource Files</Filter>
    </None>
    <None Include="resource\slicing_refresh.png">
      <Filter>Resource Files</Filter>
    </None>
    <None Include="resource\slicing_size.png">
      <Filter>Resource Files</Filter>
    </None>
    <None Include="resource\slicing_volume.png">
      <Filter>Resource Files</Filter>
    </None>
    <None Include="Resource\splash.png">
      <Filter>Resource Files</Filter>
    </None>
    <None Include="Resource\splash2.png">
      <Filter>Resource Files</Filter>
    </None>
    <None Include="Resource\splash_final.png">
      <Filter>Resource Files</Filter>
    </None>
    <None Include="Resource\splash_dentslicer.png">
      <Filter>Resource Files</Filter>
    </None>
    <None Include="resource\switch.png">
      <Filter>Resource Files</Filter>
    </None>
    <None Include="resource\triangle.png">
      <Filter>Resource Files</Filter>
    </None>
    <None Include="Resource\undo.png">
      <Filter>Resource Files</Filter>
    </None>
    <None Include="Resource\undo_icon.png">
      <Filter>Resource Files</Filter>
    </None>
    <None Include="Resource\undo_icon_select.png">
      <Filter>Resource Files</Filter>
    </None>
    <None Include="resource\upTriangle.png">
      <Filter>Resource Files</Filter>
    </None>
    <None Include="Resource\popup_image\up_button.png">
      <Filter>Resource Files</Filter>
    </None>
    <None Include="Resource\popup_image\up_button_hover.png">
      <Filter>Resource Files</Filter>
    </None>
    <None Include="Resource\upper2_arrange.png">
      <Filter>Resource Files</Filter>
    </None>
    <None Include="Resource\upper2_autorepair.png">
      <Filter>Resource Files</Filter>
    </None>
    <None Include="Resource\upper2_cut.png">
      <Filter>Resource Files</Filter>
    </None>
    <None Include="Resource\upper2_export.png">
      <Filter>Resource Files</Filter>
    </None>
    <None Include="Resource\upper2_extend.png">
      <Filter>Resource Files</Filter>
    </None>
    <None Include="Resource\upper2_feedback.png">
      <Filter>Resource Files</Filter>
    </None>
    <None Include="Resource\upper2_label.png">
      <Filter>Resource Files</Filter>
    </None>
    <None Include="Resource\upper2_layflat.png">
      <Filter>Resource Files</Filter>
    </None>
    <None Include="Resource\upper2_move.png">
      <Filter>Resource Files</Filter>
    </None>
    <None Include="Resource\upper2_open.png">
      <Filter>Resource Files</Filter>
    </None>
    <None Include="Resource\upper2_orient.png">
      <Filter>Resource Files</Filter>
    </None>
    <None Include="Resource\upper2_rotate.png">
      <Filter>Resource Files</Filter>
    </None>
    <None Include="Resource\upper2_save.png">
      <Filter>Resource Files</Filter>
    </None>
    <None Include="Resource\upper2_scale.png">
      <Filter>Resource Files</Filter>
    </None>
    <None Include="Resource\upper2_setting.png">
      <Filter>Resource Files</Filter>
    </None>
    <None Include="Resource\upper2_shelloffset.png">
      <Filter>Resource Files</Filter>
    </None>
    <None Include="Resource\upper2_support.png">
      <Filter>Resource Files</Filter>
    </None>
    <None Include="resource\upper_arrange.png">
      <Filter>Resource Files</Filter>
    </None>
    <None Include="resource\upper_autorepair.png">
      <Filter>Resource Files</Filter>
    </None>
    <None Include="resource\upper_cut.png">
      <Filter>Resource Files</Filter>
    </None>
    <None Include="resource\upper_export.png">
      <Filter>Resource Files</Filter>
    </None>
    <None Include="Resource\upper_extend.png">
      <Filter>Resource Files</Filter>
    </None>
    <None Include="Resource\upper_feedback.png">
      <Filter>Resource Files</Filter>
    </None>
    <None Include="resource\upper_label.png">
      <Filter>Resource Files</Filter>
    </None>
    <None Include="resource\upper_layflat.png">
      <Filter>Resource Files</Filter>
    </None>
    <None Include="resource\upper_move.png">
      <Filter>Resource Files</Filter>
    </None>
    <None Include="resource\upper_open.png">
      <Filter>Resource Files</Filter>
    </None>
    <None Include="resource\upper_orientation.png">
      <Filter>Resource Files</Filter>
    </None>
    <None Include="resource\upper_rotate.png">
      <Filter>Resource Files</Filter>
    </None>
    <None Include="resource\upper_save.png">
      <Filter>Resource Files</Filter>
    </None>
    <None Include="resource\upper_scale.png">
      <Filter>Resource Files</Filter>
    </None>
    <None Include="Resource\upper_setting.png">
      <Filter>Resource Files</Filter>
    </None>
    <None Include="resource\upper_shelloffset.png">
      <Filter>Resource Files</Filter>
    </None>
    <None Include="resource\upper_support.png">
      <Filter>Resource Files</Filter>
    </None>
    <None Include="resource\view.png">
      <Filter>Resource Files</Filter>
    </None>
    <None Include="resource\view_back.png">
      <Filter>Resource Files</Filter>
    </None>
    <None Include="resource\view_background.png">
      <Filter>Resource Files</Filter>
    </None>
    <None Include="resource\view_bottom.png">
      <Filter>Resource Files</Filter>
    </None>
    <None Include="resource\view_center.png">
      <Filter>Resource Files</Filter>
    </None>
    <None Include="resource\view_front.png">
      <Filter>Resource Files</Filter>
    </None>
    <None Include="resource\view_left.png">
      <Filter>Resource Files</Filter>
    </None>
    <None Include="resource\view_right.png">
      <Filter>Resource Files</Filter>
    </None>
    <None Include="resource\view_up.png">
      <Filter>Resource Files</Filter>
    </None>
    <None Include="resource\zoom.png">
      <Filter>Resource Files</Filter>
    </None>
    <None Include="resource\zoom_down.png">
      <Filter>Resource Files</Filter>
    </None>
    <None Include="resource\zoom_up.png">
      <Filter>Resource Files</Filter>
    </None>
    <None Include="icon-32.ico" />
    <None Include="icon-32.ico" />
    <None Include="icon-32.ico" />
    <None Include="icon-32.ico" />
    <None Include="icon-32.ico" />
    <None Include="icon-32.ico" />
    <None Include="packages.config" />
    <None Include="icon-32.ico" />
    <None Include="icon-32.ico" />
    <None Include="icon-32.ico" />
    <None Include="icon-32.ico" />
    <None Include="icon-32.ico" />
    <None Include="icon-32.ico" />
    <None Include="icon-32.ico" />
    <None Include="icon-32.ico" />
    <None Include="shaders\light.inc.frag">
      <Filter>Resource Files</Filter>
    </None>
    <None Include="icon-32.ico" />
    <None Include="icon-32.ico" />
    <None Include="icon-32.ico" />
    <None Include="icon-32.ico" />
    <None Include="shaders\default.vert" />
    <None Include="shaders\flat.frag" />
    <None Include="shaders\flat.geom" />
    <None Include="shaders\layerview.frag" />
    <None Include="shaders\layerview.geom" />
    <None Include="shaders\perPrimitive.geom" />
    <None Include="shaders\singleColor.geom" />
    <None Include="icon-32.ico" />
    <None Include="icon-32.ico" />
    <None Include="icon-32.ico" />
    <None Include="icon-32.ico" />
    <None Include="icon-32.ico" />
    <None Include="icon-32.ico" />
    <None Include="Qml\LeftTabSlicingOptionElementTextbox.qml" />
    <None Include="icon-32.ico" />
    <None Include="icon-32.ico" />
    <None Include="icon-32.ico" />
    <None Include="icon-32.ico" />
    <None Include="icon-32.ico" />
    <None Include="icon-32.ico" />
    <None Include="icon-32.ico" />
    <None Include="icon-32.ico" />
    <None Include="icon-32.ico" />
    <None Include="icon-32.ico" />
    <None Include="icon-32.ico" />
    <None Include="icon-32.ico" />
    <None Include="icon-32.ico" />
    <None Include="icon-32.ico" />
    <None Include="Qml\LeftTabSlicingOptionElementPercentage.qml" />
    <None Include="icon-32.ico" />
    <None Include="icon-32.ico" />
  </ItemGroup>
  <ItemGroup>
    <None Include="DentSlicer.rc">
      <Filter>Distribution Files</Filter>
    </None>
    <None Include="icon-32.ico">
      <Filter>Distribution Files</Filter>
    </None>
    <None Include="icon.ico">
      <Filter>Distribution Files</Filter>
    </None>
  </ItemGroup>
  <ItemGroup>
    <ResourceCompile Include="DentSlicer.rc" />
  </ItemGroup>
  <ItemGroup>
    <QtMoc Include="input\raycastcontroller.h">
      <Filter>Header Files</Filter>
    </QtMoc>
    <QtMoc Include="ui\RotateWidget.h">
      <Filter>Header Files</Filter>
    </QtMoc>
    <QtMoc Include="ui\MoveWidget.h">
      <Filter>Header Files</Filter>
    </QtMoc>
    <QtMoc Include="render\ModelMaterial.h">
      <Filter>Header Files</Filter>
    </QtMoc>
    <QtMoc Include="ui\Widget3D.h">
      <Filter>Generated Files</Filter>
    </QtMoc>
    <QtMoc Include="render\lights.h">
      <Filter>Header Files</Filter>
    </QtMoc>
    <QtMoc Include="slice\SlicingOptBackend.h">
      <Filter>Generated Files</Filter>
    </QtMoc>
    <QtMoc Include="ui\CubeWidget.h">
      <Filter>Generated Files</Filter>
    </QtMoc>
    <QtMoc Include="render\SceneEntity.h">
      <Filter>Generated Files</Filter>
    </QtMoc>
    <QtMoc Include="render\SceneEntityWithMaterial.h">
      <Filter>Generated Files</Filter>
    </QtMoc>
    <QtMoc Include="render\LineMeshEntity.h">
      <Filter>Generated Files</Filter>
    </QtMoc>
  </ItemGroup>
</Project>